// !$*UTF8*$!
{
	archiveVersion = 1;
	classes = {
	};
	objectVersion = 46;
	objects = {

/* Begin PBXBuildFile section */
		C001386E1B4396E2001EF6A9 /* main.m in Sources */ = {isa = PBXBuildFile; fileRef = C001386D1B4396E2001EF6A9 /* main.m */; };
		C00138711B4396E2001EF6A9 /* AppDelegate.m in Sources */ = {isa = PBXBuildFile; fileRef = C00138701B4396E2001EF6A9 /* AppDelegate.m */; };
		C00138741B4396E2001EF6A9 /* ViewController.m in Sources */ = {isa = PBXBuildFile; fileRef = C00138731B4396E2001EF6A9 /* ViewController.m */; };
		C00138771B4396E2001EF6A9 /* Main.storyboard in Resources */ = {isa = PBXBuildFile; fileRef = C00138751B4396E2001EF6A9 /* Main.storyboard */; };
		C00138791B4396E2001EF6A9 /* Images.xcassets in Resources */ = {isa = PBXBuildFile; fileRef = C00138781B4396E2001EF6A9 /* Images.xcassets */; };
		C001387C1B4396E2001EF6A9 /* LaunchScreen.xib in Resources */ = {isa = PBXBuildFile; fileRef = C001387A1B4396E2001EF6A9 /* LaunchScreen.xib */; };
		C00138881B4396E3001EF6A9 /* EmdibAppTests.m in Sources */ = {isa = PBXBuildFile; fileRef = C00138871B4396E3001EF6A9 /* EmdibAppTests.m */; };
		C07F94201B50936100156FA0 /* EMAPIClient.m in Sources */ = {isa = PBXBuildFile; fileRef = C07F941F1B50936100156FA0 /* EMAPIClient.m */; };
		C07F94211B50936100156FA0 /* EMAPIClient.m in Sources */ = {isa = PBXBuildFile; fileRef = C07F941F1B50936100156FA0 /* EMAPIClient.m */; };
		C07F94231B51DB4300156FA0 /* EMAPIClientTests.m in Sources */ = {isa = PBXBuildFile; fileRef = C07F94221B51DB4300156FA0 /* EMAPIClientTests.m */; };
		C097AB7D1B485731001ED5B8 /* MapKit.framework in Frameworks */ = {isa = PBXBuildFile; fileRef = C097AB7C1B485731001ED5B8 /* MapKit.framework */; };
		C097AB7F1B48573B001ED5B8 /* Foundation.framework in Frameworks */ = {isa = PBXBuildFile; fileRef = C097AB7E1B48573B001ED5B8 /* Foundation.framework */; };
		C097ABD21B49BF1F001ED5B8 /* EMBaseModel.m in Sources */ = {isa = PBXBuildFile; fileRef = C097ABD11B49BF1F001ED5B8 /* EMBaseModel.m */; };
		C097ABD31B49BF1F001ED5B8 /* EMBaseModel.m in Sources */ = {isa = PBXBuildFile; fileRef = C097ABD11B49BF1F001ED5B8 /* EMBaseModel.m */; };
		C097ABD61B49C17E001ED5B8 /* EMCategory.m in Sources */ = {isa = PBXBuildFile; fileRef = C097ABD51B49C17E001ED5B8 /* EMCategory.m */; };
		C097ABD71B49C17E001ED5B8 /* EMCategory.m in Sources */ = {isa = PBXBuildFile; fileRef = C097ABD51B49C17E001ED5B8 /* EMCategory.m */; };
		C09AEABA1B69BC8C00BFC494 /* EMAuction+MKAnnotation.m in Sources */ = {isa = PBXBuildFile; fileRef = C09AEAB91B69BC8C00BFC494 /* EMAuction+MKAnnotation.m */; };
		C09AEABB1B69BC8C00BFC494 /* EMAuction+MKAnnotation.m in Sources */ = {isa = PBXBuildFile; fileRef = C09AEAB91B69BC8C00BFC494 /* EMAuction+MKAnnotation.m */; };
		C0B804161B6425EC00B0CA47 /* EMAuctionListViewController.m in Sources */ = {isa = PBXBuildFile; fileRef = C0B804151B6425EC00B0CA47 /* EMAuctionListViewController.m */; };
		C0B804191B64260400B0CA47 /* EMBidListViewController.m in Sources */ = {isa = PBXBuildFile; fileRef = C0B804181B64260400B0CA47 /* EMBidListViewController.m */; };
		C0B8041A1B64260400B0CA47 /* EMBidListViewController.m in Sources */ = {isa = PBXBuildFile; fileRef = C0B804181B64260400B0CA47 /* EMBidListViewController.m */; };
		C0B8041D1B64267700B0CA47 /* EMAuctionDetailViewController.m in Sources */ = {isa = PBXBuildFile; fileRef = C0B8041C1B64267700B0CA47 /* EMAuctionDetailViewController.m */; };
		C0B8041E1B64267700B0CA47 /* EMAuctionDetailViewController.m in Sources */ = {isa = PBXBuildFile; fileRef = C0B8041C1B64267700B0CA47 /* EMAuctionDetailViewController.m */; };
		C0B804211B64268E00B0CA47 /* EMBidDetailViewController.m in Sources */ = {isa = PBXBuildFile; fileRef = C0B804201B64268E00B0CA47 /* EMBidDetailViewController.m */; };
		C0B804221B64268E00B0CA47 /* EMBidDetailViewController.m in Sources */ = {isa = PBXBuildFile; fileRef = C0B804201B64268E00B0CA47 /* EMBidDetailViewController.m */; };
		C0B804251B6426DE00B0CA47 /* EMAuctionStatusViewController.m in Sources */ = {isa = PBXBuildFile; fileRef = C0B804241B6426DE00B0CA47 /* EMAuctionStatusViewController.m */; };
		C0B804261B6426DE00B0CA47 /* EMAuctionStatusViewController.m in Sources */ = {isa = PBXBuildFile; fileRef = C0B804241B6426DE00B0CA47 /* EMAuctionStatusViewController.m */; };
		C0B804291B6426EE00B0CA47 /* EMCategoryViewController.m in Sources */ = {isa = PBXBuildFile; fileRef = C0B804281B6426EE00B0CA47 /* EMCategoryViewController.m */; };
		C0B8042A1B6426EE00B0CA47 /* EMCategoryViewController.m in Sources */ = {isa = PBXBuildFile; fileRef = C0B804281B6426EE00B0CA47 /* EMCategoryViewController.m */; };
		C0B8042D1B64274A00B0CA47 /* EMCommentListViewController.m in Sources */ = {isa = PBXBuildFile; fileRef = C0B8042C1B64274A00B0CA47 /* EMCommentListViewController.m */; };
		C0B8042E1B64274A00B0CA47 /* EMCommentListViewController.m in Sources */ = {isa = PBXBuildFile; fileRef = C0B8042C1B64274A00B0CA47 /* EMCommentListViewController.m */; };
		C0B8044C1B6432D300B0CA47 /* EMCommentListTableViewCell.m in Sources */ = {isa = PBXBuildFile; fileRef = C0B8044B1B6432D300B0CA47 /* EMCommentListTableViewCell.m */; };
		C0B8044D1B6432D300B0CA47 /* EMCommentListTableViewCell.m in Sources */ = {isa = PBXBuildFile; fileRef = C0B8044B1B6432D300B0CA47 /* EMCommentListTableViewCell.m */; };
		C0B804501B6432FE00B0CA47 /* EMAuctionListTableViewCell.m in Sources */ = {isa = PBXBuildFile; fileRef = C0B8044F1B6432FE00B0CA47 /* EMAuctionListTableViewCell.m */; };
		C0B804511B6432FE00B0CA47 /* EMAuctionListTableViewCell.m in Sources */ = {isa = PBXBuildFile; fileRef = C0B8044F1B6432FE00B0CA47 /* EMAuctionListTableViewCell.m */; };
		C0B804541B64331A00B0CA47 /* EMBidListTableViewCell.m in Sources */ = {isa = PBXBuildFile; fileRef = C0B804531B64331A00B0CA47 /* EMBidListTableViewCell.m */; };
		C0B804551B64331A00B0CA47 /* EMBidListTableViewCell.m in Sources */ = {isa = PBXBuildFile; fileRef = C0B804531B64331A00B0CA47 /* EMBidListTableViewCell.m */; };
		C0B804581B6433AF00B0CA47 /* EMBidDetailPriceTableViewCell.m in Sources */ = {isa = PBXBuildFile; fileRef = C0B804571B6433AF00B0CA47 /* EMBidDetailPriceTableViewCell.m */; };
		C0B804591B6433AF00B0CA47 /* EMBidDetailPriceTableViewCell.m in Sources */ = {isa = PBXBuildFile; fileRef = C0B804571B6433AF00B0CA47 /* EMBidDetailPriceTableViewCell.m */; };
		C0B8045C1B6433D200B0CA47 /* EMBidDetailStatusTableViewCell.m in Sources */ = {isa = PBXBuildFile; fileRef = C0B8045B1B6433D200B0CA47 /* EMBidDetailStatusTableViewCell.m */; };
		C0B8045D1B6433D200B0CA47 /* EMBidDetailStatusTableViewCell.m in Sources */ = {isa = PBXBuildFile; fileRef = C0B8045B1B6433D200B0CA47 /* EMBidDetailStatusTableViewCell.m */; };
		C0B804601B64346E00B0CA47 /* EMAuctionDetailStatusTableViewCell.m in Sources */ = {isa = PBXBuildFile; fileRef = C0B8045F1B64346E00B0CA47 /* EMAuctionDetailStatusTableViewCell.m */; };
		C0B804611B64346E00B0CA47 /* EMAuctionDetailStatusTableViewCell.m in Sources */ = {isa = PBXBuildFile; fileRef = C0B8045F1B64346E00B0CA47 /* EMAuctionDetailStatusTableViewCell.m */; };
		C0B804641B64348C00B0CA47 /* EMAuctionDetailTitleTableViewCell.m in Sources */ = {isa = PBXBuildFile; fileRef = C0B804631B64348C00B0CA47 /* EMAuctionDetailTitleTableViewCell.m */; };
		C0B804651B64348C00B0CA47 /* EMAuctionDetailTitleTableViewCell.m in Sources */ = {isa = PBXBuildFile; fileRef = C0B804631B64348C00B0CA47 /* EMAuctionDetailTitleTableViewCell.m */; };
		C0B804681B6434AB00B0CA47 /* EMAuctionDetailDescriptionTableViewCell.m in Sources */ = {isa = PBXBuildFile; fileRef = C0B804671B6434AB00B0CA47 /* EMAuctionDetailDescriptionTableViewCell.m */; };
		C0B804691B6434AB00B0CA47 /* EMAuctionDetailDescriptionTableViewCell.m in Sources */ = {isa = PBXBuildFile; fileRef = C0B804671B6434AB00B0CA47 /* EMAuctionDetailDescriptionTableViewCell.m */; };
		C0B8046C1B6434DC00B0CA47 /* EMAuctionDetailCategoryTableViewCell.m in Sources */ = {isa = PBXBuildFile; fileRef = C0B8046B1B6434DC00B0CA47 /* EMAuctionDetailCategoryTableViewCell.m */; };
		C0B8046D1B6434DC00B0CA47 /* EMAuctionDetailCategoryTableViewCell.m in Sources */ = {isa = PBXBuildFile; fileRef = C0B8046B1B6434DC00B0CA47 /* EMAuctionDetailCategoryTableViewCell.m */; };
		C0B804701B6434FE00B0CA47 /* EMAuctionDetailStartDateTableViewCell.m in Sources */ = {isa = PBXBuildFile; fileRef = C0B8046F1B6434FE00B0CA47 /* EMAuctionDetailStartDateTableViewCell.m */; };
		C0B804711B6434FE00B0CA47 /* EMAuctionDetailStartDateTableViewCell.m in Sources */ = {isa = PBXBuildFile; fileRef = C0B8046F1B6434FE00B0CA47 /* EMAuctionDetailStartDateTableViewCell.m */; };
		C0B804741B64351600B0CA47 /* EMAuctionDetailEndDateTableViewCell.m in Sources */ = {isa = PBXBuildFile; fileRef = C0B804731B64351600B0CA47 /* EMAuctionDetailEndDateTableViewCell.m */; };
		C0B804751B64351600B0CA47 /* EMAuctionDetailEndDateTableViewCell.m in Sources */ = {isa = PBXBuildFile; fileRef = C0B804731B64351600B0CA47 /* EMAuctionDetailEndDateTableViewCell.m */; };
		C0B804781B64353700B0CA47 /* EMAuctionDetailStartPriceTableViewCell.m in Sources */ = {isa = PBXBuildFile; fileRef = C0B804771B64353700B0CA47 /* EMAuctionDetailStartPriceTableViewCell.m */; };
		C0B804791B64353700B0CA47 /* EMAuctionDetailStartPriceTableViewCell.m in Sources */ = {isa = PBXBuildFile; fileRef = C0B804771B64353700B0CA47 /* EMAuctionDetailStartPriceTableViewCell.m */; };
		C0B8047C1B64356900B0CA47 /* EMAuctionDetailEndPriceTableViewCell.m in Sources */ = {isa = PBXBuildFile; fileRef = C0B8047B1B64356900B0CA47 /* EMAuctionDetailEndPriceTableViewCell.m */; };
		C0B8047D1B64356900B0CA47 /* EMAuctionDetailEndPriceTableViewCell.m in Sources */ = {isa = PBXBuildFile; fileRef = C0B8047B1B64356900B0CA47 /* EMAuctionDetailEndPriceTableViewCell.m */; };
		C0B804801B64359900B0CA47 /* EMAuctionDetailLocationTableViewCell.m in Sources */ = {isa = PBXBuildFile; fileRef = C0B8047F1B64359900B0CA47 /* EMAuctionDetailLocationTableViewCell.m */; };
		C0B804811B64359900B0CA47 /* EMAuctionDetailLocationTableViewCell.m in Sources */ = {isa = PBXBuildFile; fileRef = C0B8047F1B64359900B0CA47 /* EMAuctionDetailLocationTableViewCell.m */; };
		C0CA36001B49D99000725563 /* EMAuction.m in Sources */ = {isa = PBXBuildFile; fileRef = C0CA35FF1B49D99000725563 /* EMAuction.m */; };
		C0CA36011B49D99000725563 /* EMAuction.m in Sources */ = {isa = PBXBuildFile; fileRef = C0CA35FF1B49D99000725563 /* EMAuction.m */; };
		C0CA36041B49DB0600725563 /* EMComment.m in Sources */ = {isa = PBXBuildFile; fileRef = C0CA36031B49DB0600725563 /* EMComment.m */; };
		C0CA36051B49DB0600725563 /* EMComment.m in Sources */ = {isa = PBXBuildFile; fileRef = C0CA36031B49DB0600725563 /* EMComment.m */; };
		C0CA36081B49DE1D00725563 /* EMBid.m in Sources */ = {isa = PBXBuildFile; fileRef = C0CA36071B49DE1D00725563 /* EMBid.m */; };
		C0CA36091B49DE1D00725563 /* EMBid.m in Sources */ = {isa = PBXBuildFile; fileRef = C0CA36071B49DE1D00725563 /* EMBid.m */; };
		C57A85887D878FD16003AEAF /* libPods.a in Frameworks */ = {isa = PBXBuildFile; fileRef = 6A4EC2AF49DFEF78BD097D75 /* libPods.a */; };
/* End PBXBuildFile section */

/* Begin PBXContainerItemProxy section */
		C00138821B4396E3001EF6A9 /* PBXContainerItemProxy */ = {
			isa = PBXContainerItemProxy;
			containerPortal = C00138601B4396E2001EF6A9 /* Project object */;
			proxyType = 1;
			remoteGlobalIDString = C00138671B4396E2001EF6A9;
			remoteInfo = EmdibApp;
		};
/* End PBXContainerItemProxy section */

/* Begin PBXFileReference section */
		6A4EC2AF49DFEF78BD097D75 /* libPods.a */ = {isa = PBXFileReference; explicitFileType = archive.ar; includeInIndex = 0; path = libPods.a; sourceTree = BUILT_PRODUCTS_DIR; };
		7725AA7C570E63B897D00008 /* Pods.debug.xcconfig */ = {isa = PBXFileReference; includeInIndex = 1; lastKnownFileType = text.xcconfig; name = Pods.debug.xcconfig; path = "Pods/Target Support Files/Pods/Pods.debug.xcconfig"; sourceTree = "<group>"; };
		B3F29FC28F27D5C8A0CA02A8 /* Pods.release.xcconfig */ = {isa = PBXFileReference; includeInIndex = 1; lastKnownFileType = text.xcconfig; name = Pods.release.xcconfig; path = "Pods/Target Support Files/Pods/Pods.release.xcconfig"; sourceTree = "<group>"; };
		C00138681B4396E2001EF6A9 /* EmdibApp.app */ = {isa = PBXFileReference; explicitFileType = wrapper.application; includeInIndex = 0; path = EmdibApp.app; sourceTree = BUILT_PRODUCTS_DIR; };
		C001386C1B4396E2001EF6A9 /* Info.plist */ = {isa = PBXFileReference; lastKnownFileType = text.plist.xml; path = Info.plist; sourceTree = "<group>"; };
		C001386D1B4396E2001EF6A9 /* main.m */ = {isa = PBXFileReference; lastKnownFileType = sourcecode.c.objc; path = main.m; sourceTree = "<group>"; };
		C001386F1B4396E2001EF6A9 /* AppDelegate.h */ = {isa = PBXFileReference; lastKnownFileType = sourcecode.c.h; path = AppDelegate.h; sourceTree = "<group>"; };
		C00138701B4396E2001EF6A9 /* AppDelegate.m */ = {isa = PBXFileReference; lastKnownFileType = sourcecode.c.objc; path = AppDelegate.m; sourceTree = "<group>"; };
		C00138721B4396E2001EF6A9 /* ViewController.h */ = {isa = PBXFileReference; lastKnownFileType = sourcecode.c.h; path = ViewController.h; sourceTree = "<group>"; };
		C00138731B4396E2001EF6A9 /* ViewController.m */ = {isa = PBXFileReference; lastKnownFileType = sourcecode.c.objc; path = ViewController.m; sourceTree = "<group>"; };
		C00138761B4396E2001EF6A9 /* Base */ = {isa = PBXFileReference; lastKnownFileType = file.storyboard; name = Base; path = Base.lproj/Main.storyboard; sourceTree = "<group>"; };
		C00138781B4396E2001EF6A9 /* Images.xcassets */ = {isa = PBXFileReference; lastKnownFileType = folder.assetcatalog; path = Images.xcassets; sourceTree = "<group>"; };
		C001387B1B4396E2001EF6A9 /* Base */ = {isa = PBXFileReference; lastKnownFileType = file.xib; name = Base; path = Base.lproj/LaunchScreen.xib; sourceTree = "<group>"; };
		C00138811B4396E3001EF6A9 /* EmdibAppTests.xctest */ = {isa = PBXFileReference; explicitFileType = wrapper.cfbundle; includeInIndex = 0; path = EmdibAppTests.xctest; sourceTree = BUILT_PRODUCTS_DIR; };
		C00138861B4396E3001EF6A9 /* Info.plist */ = {isa = PBXFileReference; lastKnownFileType = text.plist.xml; path = Info.plist; sourceTree = "<group>"; };
		C00138871B4396E3001EF6A9 /* EmdibAppTests.m */ = {isa = PBXFileReference; lastKnownFileType = sourcecode.c.objc; path = EmdibAppTests.m; sourceTree = "<group>"; };
		C07F941E1B50936100156FA0 /* EMAPIClient.h */ = {isa = PBXFileReference; fileEncoding = 4; lastKnownFileType = sourcecode.c.h; name = EMAPIClient.h; path = APIClients/EMAPIClient.h; sourceTree = "<group>"; };
		C07F941F1B50936100156FA0 /* EMAPIClient.m */ = {isa = PBXFileReference; fileEncoding = 4; lastKnownFileType = sourcecode.c.objc; name = EMAPIClient.m; path = APIClients/EMAPIClient.m; sourceTree = "<group>"; };
		C07F94221B51DB4300156FA0 /* EMAPIClientTests.m */ = {isa = PBXFileReference; fileEncoding = 4; lastKnownFileType = sourcecode.c.objc; path = EMAPIClientTests.m; sourceTree = "<group>"; };
		C097AB7C1B485731001ED5B8 /* MapKit.framework */ = {isa = PBXFileReference; lastKnownFileType = wrapper.framework; name = MapKit.framework; path = System/Library/Frameworks/MapKit.framework; sourceTree = SDKROOT; };
		C097AB7E1B48573B001ED5B8 /* Foundation.framework */ = {isa = PBXFileReference; lastKnownFileType = wrapper.framework; name = Foundation.framework; path = System/Library/Frameworks/Foundation.framework; sourceTree = SDKROOT; };
		C097ABD01B49BF1F001ED5B8 /* EMBaseModel.h */ = {isa = PBXFileReference; fileEncoding = 4; lastKnownFileType = sourcecode.c.h; name = EMBaseModel.h; path = Models/EMBaseModel.h; sourceTree = "<group>"; };
		C097ABD11B49BF1F001ED5B8 /* EMBaseModel.m */ = {isa = PBXFileReference; fileEncoding = 4; lastKnownFileType = sourcecode.c.objc; name = EMBaseModel.m; path = Models/EMBaseModel.m; sourceTree = "<group>"; };
		C097ABD41B49C17E001ED5B8 /* EMCategory.h */ = {isa = PBXFileReference; fileEncoding = 4; lastKnownFileType = sourcecode.c.h; name = EMCategory.h; path = Models/EMCategory.h; sourceTree = "<group>"; };
		C097ABD51B49C17E001ED5B8 /* EMCategory.m */ = {isa = PBXFileReference; fileEncoding = 4; lastKnownFileType = sourcecode.c.objc; name = EMCategory.m; path = Models/EMCategory.m; sourceTree = "<group>"; };
		C09AEAB81B69BC8C00BFC494 /* EMAuction+MKAnnotation.h */ = {isa = PBXFileReference; fileEncoding = 4; lastKnownFileType = sourcecode.c.h; name = "EMAuction+MKAnnotation.h"; path = "Models/EMAuction+MKAnnotation.h"; sourceTree = "<group>"; };
		C09AEAB91B69BC8C00BFC494 /* EMAuction+MKAnnotation.m */ = {isa = PBXFileReference; fileEncoding = 4; lastKnownFileType = sourcecode.c.objc; name = "EMAuction+MKAnnotation.m"; path = "Models/EMAuction+MKAnnotation.m"; sourceTree = "<group>"; };
		C0B804141B6425EC00B0CA47 /* EMAuctionListViewController.h */ = {isa = PBXFileReference; fileEncoding = 4; lastKnownFileType = sourcecode.c.h; name = EMAuctionListViewController.h; path = UI/Controllers/EMAuctionListViewController.h; sourceTree = "<group>"; };
		C0B804151B6425EC00B0CA47 /* EMAuctionListViewController.m */ = {isa = PBXFileReference; fileEncoding = 4; lastKnownFileType = sourcecode.c.objc; name = EMAuctionListViewController.m; path = UI/Controllers/EMAuctionListViewController.m; sourceTree = "<group>"; };
		C0B804171B64260400B0CA47 /* EMBidListViewController.h */ = {isa = PBXFileReference; fileEncoding = 4; lastKnownFileType = sourcecode.c.h; name = EMBidListViewController.h; path = UI/Controllers/EMBidListViewController.h; sourceTree = "<group>"; };
		C0B804181B64260400B0CA47 /* EMBidListViewController.m */ = {isa = PBXFileReference; fileEncoding = 4; lastKnownFileType = sourcecode.c.objc; name = EMBidListViewController.m; path = UI/Controllers/EMBidListViewController.m; sourceTree = "<group>"; };
		C0B8041B1B64267700B0CA47 /* EMAuctionDetailViewController.h */ = {isa = PBXFileReference; fileEncoding = 4; lastKnownFileType = sourcecode.c.h; name = EMAuctionDetailViewController.h; path = UI/Controllers/EMAuctionDetailViewController.h; sourceTree = "<group>"; };
		C0B8041C1B64267700B0CA47 /* EMAuctionDetailViewController.m */ = {isa = PBXFileReference; fileEncoding = 4; lastKnownFileType = sourcecode.c.objc; name = EMAuctionDetailViewController.m; path = UI/Controllers/EMAuctionDetailViewController.m; sourceTree = "<group>"; };
		C0B8041F1B64268E00B0CA47 /* EMBidDetailViewController.h */ = {isa = PBXFileReference; fileEncoding = 4; lastKnownFileType = sourcecode.c.h; name = EMBidDetailViewController.h; path = UI/Controllers/EMBidDetailViewController.h; sourceTree = "<group>"; };
		C0B804201B64268E00B0CA47 /* EMBidDetailViewController.m */ = {isa = PBXFileReference; fileEncoding = 4; lastKnownFileType = sourcecode.c.objc; name = EMBidDetailViewController.m; path = UI/Controllers/EMBidDetailViewController.m; sourceTree = "<group>"; };
		C0B804231B6426DE00B0CA47 /* EMAuctionStatusViewController.h */ = {isa = PBXFileReference; fileEncoding = 4; lastKnownFileType = sourcecode.c.h; name = EMAuctionStatusViewController.h; path = UI/Controllers/EMAuctionStatusViewController.h; sourceTree = "<group>"; };
		C0B804241B6426DE00B0CA47 /* EMAuctionStatusViewController.m */ = {isa = PBXFileReference; fileEncoding = 4; lastKnownFileType = sourcecode.c.objc; name = EMAuctionStatusViewController.m; path = UI/Controllers/EMAuctionStatusViewController.m; sourceTree = "<group>"; };
		C0B804271B6426EE00B0CA47 /* EMCategoryViewController.h */ = {isa = PBXFileReference; fileEncoding = 4; lastKnownFileType = sourcecode.c.h; name = EMCategoryViewController.h; path = UI/Controllers/EMCategoryViewController.h; sourceTree = "<group>"; };
		C0B804281B6426EE00B0CA47 /* EMCategoryViewController.m */ = {isa = PBXFileReference; fileEncoding = 4; lastKnownFileType = sourcecode.c.objc; name = EMCategoryViewController.m; path = UI/Controllers/EMCategoryViewController.m; sourceTree = "<group>"; };
		C0B8042B1B64274A00B0CA47 /* EMCommentListViewController.h */ = {isa = PBXFileReference; fileEncoding = 4; lastKnownFileType = sourcecode.c.h; name = EMCommentListViewController.h; path = UI/Controllers/EMCommentListViewController.h; sourceTree = "<group>"; };
		C0B8042C1B64274A00B0CA47 /* EMCommentListViewController.m */ = {isa = PBXFileReference; fileEncoding = 4; lastKnownFileType = sourcecode.c.objc; name = EMCommentListViewController.m; path = UI/Controllers/EMCommentListViewController.m; sourceTree = "<group>"; };
		C0B8044A1B6432D300B0CA47 /* EMCommentListTableViewCell.h */ = {isa = PBXFileReference; fileEncoding = 4; lastKnownFileType = sourcecode.c.h; name = EMCommentListTableViewCell.h; path = UI/Components/CommentListView/EMCommentListTableViewCell.h; sourceTree = "<group>"; };
		C0B8044B1B6432D300B0CA47 /* EMCommentListTableViewCell.m */ = {isa = PBXFileReference; fileEncoding = 4; lastKnownFileType = sourcecode.c.objc; name = EMCommentListTableViewCell.m; path = UI/Components/CommentListView/EMCommentListTableViewCell.m; sourceTree = "<group>"; };
		C0B8044E1B6432FE00B0CA47 /* EMAuctionListTableViewCell.h */ = {isa = PBXFileReference; fileEncoding = 4; lastKnownFileType = sourcecode.c.h; name = EMAuctionListTableViewCell.h; path = UI/Components/AuctionListView/EMAuctionListTableViewCell.h; sourceTree = "<group>"; };
		C0B8044F1B6432FE00B0CA47 /* EMAuctionListTableViewCell.m */ = {isa = PBXFileReference; fileEncoding = 4; lastKnownFileType = sourcecode.c.objc; name = EMAuctionListTableViewCell.m; path = UI/Components/AuctionListView/EMAuctionListTableViewCell.m; sourceTree = "<group>"; };
		C0B804521B64331A00B0CA47 /* EMBidListTableViewCell.h */ = {isa = PBXFileReference; fileEncoding = 4; lastKnownFileType = sourcecode.c.h; name = EMBidListTableViewCell.h; path = UI/Components/BidListView/EMBidListTableViewCell.h; sourceTree = "<group>"; };
		C0B804531B64331A00B0CA47 /* EMBidListTableViewCell.m */ = {isa = PBXFileReference; fileEncoding = 4; lastKnownFileType = sourcecode.c.objc; name = EMBidListTableViewCell.m; path = UI/Components/BidListView/EMBidListTableViewCell.m; sourceTree = "<group>"; };
		C0B804561B6433AF00B0CA47 /* EMBidDetailPriceTableViewCell.h */ = {isa = PBXFileReference; fileEncoding = 4; lastKnownFileType = sourcecode.c.h; name = EMBidDetailPriceTableViewCell.h; path = UI/Components/BidDetailView/EMBidDetailPriceTableViewCell.h; sourceTree = "<group>"; };
		C0B804571B6433AF00B0CA47 /* EMBidDetailPriceTableViewCell.m */ = {isa = PBXFileReference; fileEncoding = 4; lastKnownFileType = sourcecode.c.objc; name = EMBidDetailPriceTableViewCell.m; path = UI/Components/BidDetailView/EMBidDetailPriceTableViewCell.m; sourceTree = "<group>"; };
		C0B8045A1B6433D200B0CA47 /* EMBidDetailStatusTableViewCell.h */ = {isa = PBXFileReference; fileEncoding = 4; lastKnownFileType = sourcecode.c.h; name = EMBidDetailStatusTableViewCell.h; path = UI/Components/BidDetailView/EMBidDetailStatusTableViewCell.h; sourceTree = "<group>"; };
		C0B8045B1B6433D200B0CA47 /* EMBidDetailStatusTableViewCell.m */ = {isa = PBXFileReference; fileEncoding = 4; lastKnownFileType = sourcecode.c.objc; name = EMBidDetailStatusTableViewCell.m; path = UI/Components/BidDetailView/EMBidDetailStatusTableViewCell.m; sourceTree = "<group>"; };
		C0B8045E1B64346E00B0CA47 /* EMAuctionDetailStatusTableViewCell.h */ = {isa = PBXFileReference; fileEncoding = 4; lastKnownFileType = sourcecode.c.h; name = EMAuctionDetailStatusTableViewCell.h; path = UI/Components/AuctionDetailView/EMAuctionDetailStatusTableViewCell.h; sourceTree = "<group>"; };
		C0B8045F1B64346E00B0CA47 /* EMAuctionDetailStatusTableViewCell.m */ = {isa = PBXFileReference; fileEncoding = 4; lastKnownFileType = sourcecode.c.objc; name = EMAuctionDetailStatusTableViewCell.m; path = UI/Components/AuctionDetailView/EMAuctionDetailStatusTableViewCell.m; sourceTree = "<group>"; };
		C0B804621B64348C00B0CA47 /* EMAuctionDetailTitleTableViewCell.h */ = {isa = PBXFileReference; fileEncoding = 4; lastKnownFileType = sourcecode.c.h; name = EMAuctionDetailTitleTableViewCell.h; path = UI/Components/AuctionDetailView/EMAuctionDetailTitleTableViewCell.h; sourceTree = "<group>"; };
		C0B804631B64348C00B0CA47 /* EMAuctionDetailTitleTableViewCell.m */ = {isa = PBXFileReference; fileEncoding = 4; lastKnownFileType = sourcecode.c.objc; name = EMAuctionDetailTitleTableViewCell.m; path = UI/Components/AuctionDetailView/EMAuctionDetailTitleTableViewCell.m; sourceTree = "<group>"; };
		C0B804661B6434AB00B0CA47 /* EMAuctionDetailDescriptionTableViewCell.h */ = {isa = PBXFileReference; fileEncoding = 4; lastKnownFileType = sourcecode.c.h; name = EMAuctionDetailDescriptionTableViewCell.h; path = UI/Components/AuctionDetailView/EMAuctionDetailDescriptionTableViewCell.h; sourceTree = "<group>"; };
		C0B804671B6434AB00B0CA47 /* EMAuctionDetailDescriptionTableViewCell.m */ = {isa = PBXFileReference; fileEncoding = 4; lastKnownFileType = sourcecode.c.objc; name = EMAuctionDetailDescriptionTableViewCell.m; path = UI/Components/AuctionDetailView/EMAuctionDetailDescriptionTableViewCell.m; sourceTree = "<group>"; };
		C0B8046A1B6434DC00B0CA47 /* EMAuctionDetailCategoryTableViewCell.h */ = {isa = PBXFileReference; fileEncoding = 4; lastKnownFileType = sourcecode.c.h; name = EMAuctionDetailCategoryTableViewCell.h; path = UI/Components/AuctionDetailView/EMAuctionDetailCategoryTableViewCell.h; sourceTree = "<group>"; };
		C0B8046B1B6434DC00B0CA47 /* EMAuctionDetailCategoryTableViewCell.m */ = {isa = PBXFileReference; fileEncoding = 4; lastKnownFileType = sourcecode.c.objc; name = EMAuctionDetailCategoryTableViewCell.m; path = UI/Components/AuctionDetailView/EMAuctionDetailCategoryTableViewCell.m; sourceTree = "<group>"; };
		C0B8046E1B6434FE00B0CA47 /* EMAuctionDetailStartDateTableViewCell.h */ = {isa = PBXFileReference; fileEncoding = 4; lastKnownFileType = sourcecode.c.h; name = EMAuctionDetailStartDateTableViewCell.h; path = UI/Components/AuctionDetailView/EMAuctionDetailStartDateTableViewCell.h; sourceTree = "<group>"; };
		C0B8046F1B6434FE00B0CA47 /* EMAuctionDetailStartDateTableViewCell.m */ = {isa = PBXFileReference; fileEncoding = 4; lastKnownFileType = sourcecode.c.objc; name = EMAuctionDetailStartDateTableViewCell.m; path = UI/Components/AuctionDetailView/EMAuctionDetailStartDateTableViewCell.m; sourceTree = "<group>"; };
		C0B804721B64351600B0CA47 /* EMAuctionDetailEndDateTableViewCell.h */ = {isa = PBXFileReference; fileEncoding = 4; lastKnownFileType = sourcecode.c.h; name = EMAuctionDetailEndDateTableViewCell.h; path = UI/Components/AuctionDetailView/EMAuctionDetailEndDateTableViewCell.h; sourceTree = "<group>"; };
		C0B804731B64351600B0CA47 /* EMAuctionDetailEndDateTableViewCell.m */ = {isa = PBXFileReference; fileEncoding = 4; lastKnownFileType = sourcecode.c.objc; name = EMAuctionDetailEndDateTableViewCell.m; path = UI/Components/AuctionDetailView/EMAuctionDetailEndDateTableViewCell.m; sourceTree = "<group>"; };
		C0B804761B64353700B0CA47 /* EMAuctionDetailStartPriceTableViewCell.h */ = {isa = PBXFileReference; fileEncoding = 4; lastKnownFileType = sourcecode.c.h; name = EMAuctionDetailStartPriceTableViewCell.h; path = UI/Components/AuctionDetailView/EMAuctionDetailStartPriceTableViewCell.h; sourceTree = "<group>"; };
		C0B804771B64353700B0CA47 /* EMAuctionDetailStartPriceTableViewCell.m */ = {isa = PBXFileReference; fileEncoding = 4; lastKnownFileType = sourcecode.c.objc; name = EMAuctionDetailStartPriceTableViewCell.m; path = UI/Components/AuctionDetailView/EMAuctionDetailStartPriceTableViewCell.m; sourceTree = "<group>"; };
		C0B8047A1B64356900B0CA47 /* EMAuctionDetailEndPriceTableViewCell.h */ = {isa = PBXFileReference; fileEncoding = 4; lastKnownFileType = sourcecode.c.h; name = EMAuctionDetailEndPriceTableViewCell.h; path = UI/Components/AuctionDetailView/EMAuctionDetailEndPriceTableViewCell.h; sourceTree = "<group>"; };
		C0B8047B1B64356900B0CA47 /* EMAuctionDetailEndPriceTableViewCell.m */ = {isa = PBXFileReference; fileEncoding = 4; lastKnownFileType = sourcecode.c.objc; name = EMAuctionDetailEndPriceTableViewCell.m; path = UI/Components/AuctionDetailView/EMAuctionDetailEndPriceTableViewCell.m; sourceTree = "<group>"; };
		C0B8047E1B64359900B0CA47 /* EMAuctionDetailLocationTableViewCell.h */ = {isa = PBXFileReference; fileEncoding = 4; lastKnownFileType = sourcecode.c.h; name = EMAuctionDetailLocationTableViewCell.h; path = UI/Components/AuctionDetailView/EMAuctionDetailLocationTableViewCell.h; sourceTree = "<group>"; };
		C0B8047F1B64359900B0CA47 /* EMAuctionDetailLocationTableViewCell.m */ = {isa = PBXFileReference; fileEncoding = 4; lastKnownFileType = sourcecode.c.objc; name = EMAuctionDetailLocationTableViewCell.m; path = UI/Components/AuctionDetailView/EMAuctionDetailLocationTableViewCell.m; sourceTree = "<group>"; };
		C0CA35FE1B49D99000725563 /* EMAuction.h */ = {isa = PBXFileReference; fileEncoding = 4; lastKnownFileType = sourcecode.c.h; name = EMAuction.h; path = Models/EMAuction.h; sourceTree = "<group>"; };
		C0CA35FF1B49D99000725563 /* EMAuction.m */ = {isa = PBXFileReference; fileEncoding = 4; lastKnownFileType = sourcecode.c.objc; name = EMAuction.m; path = Models/EMAuction.m; sourceTree = "<group>"; };
		C0CA36021B49DB0600725563 /* EMComment.h */ = {isa = PBXFileReference; fileEncoding = 4; lastKnownFileType = sourcecode.c.h; name = EMComment.h; path = Models/EMComment.h; sourceTree = "<group>"; };
		C0CA36031B49DB0600725563 /* EMComment.m */ = {isa = PBXFileReference; fileEncoding = 4; lastKnownFileType = sourcecode.c.objc; name = EMComment.m; path = Models/EMComment.m; sourceTree = "<group>"; };
		C0CA36061B49DE1D00725563 /* EMBid.h */ = {isa = PBXFileReference; fileEncoding = 4; lastKnownFileType = sourcecode.c.h; name = EMBid.h; path = Models/EMBid.h; sourceTree = "<group>"; };
		C0CA36071B49DE1D00725563 /* EMBid.m */ = {isa = PBXFileReference; fileEncoding = 4; lastKnownFileType = sourcecode.c.objc; name = EMBid.m; path = Models/EMBid.m; sourceTree = "<group>"; };
/* End PBXFileReference section */

/* Begin PBXFrameworksBuildPhase section */
		C00138651B4396E2001EF6A9 /* Frameworks */ = {
			isa = PBXFrameworksBuildPhase;
			buildActionMask = 2147483647;
			files = (
				C097AB7F1B48573B001ED5B8 /* Foundation.framework in Frameworks */,
				C097AB7D1B485731001ED5B8 /* MapKit.framework in Frameworks */,
				C57A85887D878FD16003AEAF /* libPods.a in Frameworks */,
			);
			runOnlyForDeploymentPostprocessing = 0;
		};
		C001387E1B4396E3001EF6A9 /* Frameworks */ = {
			isa = PBXFrameworksBuildPhase;
			buildActionMask = 2147483647;
			files = (
			);
			runOnlyForDeploymentPostprocessing = 0;
		};
/* End PBXFrameworksBuildPhase section */

/* Begin PBXGroup section */
		58EF2050586001850A7F53DD /* Pods */ = {
			isa = PBXGroup;
			children = (
				7725AA7C570E63B897D00008 /* Pods.debug.xcconfig */,
				B3F29FC28F27D5C8A0CA02A8 /* Pods.release.xcconfig */,
			);
			name = Pods;
			sourceTree = "<group>";
		};
		BE51D6A5975BA8E1CFF02BD0 /* Frameworks */ = {
			isa = PBXGroup;
			children = (
				C097AB7E1B48573B001ED5B8 /* Foundation.framework */,
				C097AB7C1B485731001ED5B8 /* MapKit.framework */,
				6A4EC2AF49DFEF78BD097D75 /* libPods.a */,
			);
			name = Frameworks;
			sourceTree = "<group>";
		};
		C001385F1B4396E2001EF6A9 = {
			isa = PBXGroup;
			children = (
				C001386A1B4396E2001EF6A9 /* EmdibApp */,
				C00138841B4396E3001EF6A9 /* EmdibAppTests */,
				C00138691B4396E2001EF6A9 /* Products */,
				58EF2050586001850A7F53DD /* Pods */,
				BE51D6A5975BA8E1CFF02BD0 /* Frameworks */,
			);
			sourceTree = "<group>";
		};
		C00138691B4396E2001EF6A9 /* Products */ = {
			isa = PBXGroup;
			children = (
				C00138681B4396E2001EF6A9 /* EmdibApp.app */,
				C00138811B4396E3001EF6A9 /* EmdibAppTests.xctest */,
			);
			name = Products;
			sourceTree = "<group>";
		};
		C001386A1B4396E2001EF6A9 /* EmdibApp */ = {
			isa = PBXGroup;
			children = (
				C0B8040E1B64242400B0CA47 /* UI */,
				C07F941D1B50931900156FA0 /* APIClients */,
				C097ABCB1B49BE7C001ED5B8 /* Models */,
				C001386F1B4396E2001EF6A9 /* AppDelegate.h */,
				C00138701B4396E2001EF6A9 /* AppDelegate.m */,
				C00138721B4396E2001EF6A9 /* ViewController.h */,
				C00138731B4396E2001EF6A9 /* ViewController.m */,
				C00138751B4396E2001EF6A9 /* Main.storyboard */,
				C00138781B4396E2001EF6A9 /* Images.xcassets */,
				C001387A1B4396E2001EF6A9 /* LaunchScreen.xib */,
				C001386B1B4396E2001EF6A9 /* Supporting Files */,
			);
			path = EmdibApp;
			sourceTree = "<group>";
		};
		C001386B1B4396E2001EF6A9 /* Supporting Files */ = {
			isa = PBXGroup;
			children = (
				C001386C1B4396E2001EF6A9 /* Info.plist */,
				C001386D1B4396E2001EF6A9 /* main.m */,
			);
			name = "Supporting Files";
			sourceTree = "<group>";
		};
		C00138841B4396E3001EF6A9 /* EmdibAppTests */ = {
			isa = PBXGroup;
			children = (
				C00138871B4396E3001EF6A9 /* EmdibAppTests.m */,
				C07F94221B51DB4300156FA0 /* EMAPIClientTests.m */,
				C00138851B4396E3001EF6A9 /* Supporting Files */,
			);
			path = EmdibAppTests;
			sourceTree = "<group>";
		};
		C00138851B4396E3001EF6A9 /* Supporting Files */ = {
			isa = PBXGroup;
			children = (
				C00138861B4396E3001EF6A9 /* Info.plist */,
			);
			name = "Supporting Files";
			sourceTree = "<group>";
		};
		C07F941D1B50931900156FA0 /* APIClients */ = {
			isa = PBXGroup;
			children = (
				C07F941E1B50936100156FA0 /* EMAPIClient.h */,
				C07F941F1B50936100156FA0 /* EMAPIClient.m */,
			);
			name = APIClients;
			sourceTree = "<group>";
		};
		C097ABCB1B49BE7C001ED5B8 /* Models */ = {
			isa = PBXGroup;
			children = (
				C0CA35FE1B49D99000725563 /* EMAuction.h */,
				C0CA35FF1B49D99000725563 /* EMAuction.m */,
				C097ABD01B49BF1F001ED5B8 /* EMBaseModel.h */,
				C097ABD11B49BF1F001ED5B8 /* EMBaseModel.m */,
				C097ABD41B49C17E001ED5B8 /* EMCategory.h */,
				C097ABD51B49C17E001ED5B8 /* EMCategory.m */,
				C0CA36021B49DB0600725563 /* EMComment.h */,
				C0CA36031B49DB0600725563 /* EMComment.m */,
				C0CA36061B49DE1D00725563 /* EMBid.h */,
				C0CA36071B49DE1D00725563 /* EMBid.m */,
				C09AEAB81B69BC8C00BFC494 /* EMAuction+MKAnnotation.h */,
				C09AEAB91B69BC8C00BFC494 /* EMAuction+MKAnnotation.m */,
			);
			name = Models;
			sourceTree = "<group>";
		};
		C0B8040E1B64242400B0CA47 /* UI */ = {
			isa = PBXGroup;
			children = (
				C0B804101B64248D00B0CA47 /* Components */,
				C0B8040F1B64245600B0CA47 /* Controllers */,
			);
			name = UI;
			sourceTree = "<group>";
		};
		C0B8040F1B64245600B0CA47 /* Controllers */ = {
			isa = PBXGroup;
			children = (
				C0B804141B6425EC00B0CA47 /* EMAuctionListViewController.h */,
				C0B804151B6425EC00B0CA47 /* EMAuctionListViewController.m */,
				C0B804171B64260400B0CA47 /* EMBidListViewController.h */,
				C0B804181B64260400B0CA47 /* EMBidListViewController.m */,
				C0B8041B1B64267700B0CA47 /* EMAuctionDetailViewController.h */,
				C0B8041C1B64267700B0CA47 /* EMAuctionDetailViewController.m */,
				C0B8041F1B64268E00B0CA47 /* EMBidDetailViewController.h */,
				C0B804201B64268E00B0CA47 /* EMBidDetailViewController.m */,
				C0B804231B6426DE00B0CA47 /* EMAuctionStatusViewController.h */,
				C0B804241B6426DE00B0CA47 /* EMAuctionStatusViewController.m */,
				C0B804271B6426EE00B0CA47 /* EMCategoryViewController.h */,
				C0B804281B6426EE00B0CA47 /* EMCategoryViewController.m */,
				C0B8042B1B64274A00B0CA47 /* EMCommentListViewController.h */,
				C0B8042C1B64274A00B0CA47 /* EMCommentListViewController.m */,
			);
			name = Controllers;
			sourceTree = "<group>";
		};
		C0B804101B64248D00B0CA47 /* Components */ = {
			isa = PBXGroup;
			children = (
				C0B804451B642DF200B0CA47 /* CommentListView */,
				C0B8043F1B642D1500B0CA47 /* AuctionListView */,
				C0B804421B642D6B00B0CA47 /* AuctionDetailView */,
				C0B804411B642D4100B0CA47 /* BidListView */,
				C0B804441B642DD800B0CA47 /* BidDetailView */,
			);
			name = Components;
			sourceTree = "<group>";
		};
		C0B8043F1B642D1500B0CA47 /* AuctionListView */ = {
			isa = PBXGroup;
			children = (
				C0B8044E1B6432FE00B0CA47 /* EMAuctionListTableViewCell.h */,
				C0B8044F1B6432FE00B0CA47 /* EMAuctionListTableViewCell.m */,
			);
			name = AuctionListView;
			sourceTree = "<group>";
		};
		C0B804411B642D4100B0CA47 /* BidListView */ = {
			isa = PBXGroup;
			children = (
				C0B804521B64331A00B0CA47 /* EMBidListTableViewCell.h */,
				C0B804531B64331A00B0CA47 /* EMBidListTableViewCell.m */,
			);
			name = BidListView;
			sourceTree = "<group>";
		};
		C0B804421B642D6B00B0CA47 /* AuctionDetailView */ = {
			isa = PBXGroup;
			children = (
				C0B8045E1B64346E00B0CA47 /* EMAuctionDetailStatusTableViewCell.h */,
				C0B8045F1B64346E00B0CA47 /* EMAuctionDetailStatusTableViewCell.m */,
				C0B804621B64348C00B0CA47 /* EMAuctionDetailTitleTableViewCell.h */,
				C0B804631B64348C00B0CA47 /* EMAuctionDetailTitleTableViewCell.m */,
				C0B804661B6434AB00B0CA47 /* EMAuctionDetailDescriptionTableViewCell.h */,
				C0B804671B6434AB00B0CA47 /* EMAuctionDetailDescriptionTableViewCell.m */,
				C0B8046A1B6434DC00B0CA47 /* EMAuctionDetailCategoryTableViewCell.h */,
				C0B8046B1B6434DC00B0CA47 /* EMAuctionDetailCategoryTableViewCell.m */,
				C0B8046E1B6434FE00B0CA47 /* EMAuctionDetailStartDateTableViewCell.h */,
				C0B8046F1B6434FE00B0CA47 /* EMAuctionDetailStartDateTableViewCell.m */,
				C0B804721B64351600B0CA47 /* EMAuctionDetailEndDateTableViewCell.h */,
				C0B804731B64351600B0CA47 /* EMAuctionDetailEndDateTableViewCell.m */,
				C0B804761B64353700B0CA47 /* EMAuctionDetailStartPriceTableViewCell.h */,
				C0B804771B64353700B0CA47 /* EMAuctionDetailStartPriceTableViewCell.m */,
				C0B8047A1B64356900B0CA47 /* EMAuctionDetailEndPriceTableViewCell.h */,
				C0B8047B1B64356900B0CA47 /* EMAuctionDetailEndPriceTableViewCell.m */,
				C0B8047E1B64359900B0CA47 /* EMAuctionDetailLocationTableViewCell.h */,
				C0B8047F1B64359900B0CA47 /* EMAuctionDetailLocationTableViewCell.m */,
			);
			name = AuctionDetailView;
			sourceTree = "<group>";
		};
		C0B804441B642DD800B0CA47 /* BidDetailView */ = {
			isa = PBXGroup;
			children = (
				C0B804561B6433AF00B0CA47 /* EMBidDetailPriceTableViewCell.h */,
				C0B804571B6433AF00B0CA47 /* EMBidDetailPriceTableViewCell.m */,
				C0B8045A1B6433D200B0CA47 /* EMBidDetailStatusTableViewCell.h */,
				C0B8045B1B6433D200B0CA47 /* EMBidDetailStatusTableViewCell.m */,
			);
			name = BidDetailView;
			sourceTree = "<group>";
		};
		C0B804451B642DF200B0CA47 /* CommentListView */ = {
			isa = PBXGroup;
			children = (
				C0B8044A1B6432D300B0CA47 /* EMCommentListTableViewCell.h */,
				C0B8044B1B6432D300B0CA47 /* EMCommentListTableViewCell.m */,
			);
			name = CommentListView;
			sourceTree = "<group>";
		};
/* End PBXGroup section */

/* Begin PBXNativeTarget section */
		C00138671B4396E2001EF6A9 /* EmdibApp */ = {
			isa = PBXNativeTarget;
			buildConfigurationList = C001388B1B4396E3001EF6A9 /* Build configuration list for PBXNativeTarget "EmdibApp" */;
			buildPhases = (
				88E261E73B61CF4B473B816D /* Check Pods Manifest.lock */,
				C00138641B4396E2001EF6A9 /* Sources */,
				C00138651B4396E2001EF6A9 /* Frameworks */,
				C00138661B4396E2001EF6A9 /* Resources */,
				14ABF8019AB9EAD0C1E8EE6A /* Copy Pods Resources */,
			);
			buildRules = (
			);
			dependencies = (
			);
			name = EmdibApp;
			productName = EmdibApp;
			productReference = C00138681B4396E2001EF6A9 /* EmdibApp.app */;
			productType = "com.apple.product-type.application";
		};
		C00138801B4396E3001EF6A9 /* EmdibAppTests */ = {
			isa = PBXNativeTarget;
			buildConfigurationList = C001388E1B4396E3001EF6A9 /* Build configuration list for PBXNativeTarget "EmdibAppTests" */;
			buildPhases = (
				C001387D1B4396E3001EF6A9 /* Sources */,
				C001387E1B4396E3001EF6A9 /* Frameworks */,
				C001387F1B4396E3001EF6A9 /* Resources */,
			);
			buildRules = (
			);
			dependencies = (
				C00138831B4396E3001EF6A9 /* PBXTargetDependency */,
			);
			name = EmdibAppTests;
			productName = EmdibAppTests;
			productReference = C00138811B4396E3001EF6A9 /* EmdibAppTests.xctest */;
			productType = "com.apple.product-type.bundle.unit-test";
		};
/* End PBXNativeTarget section */

/* Begin PBXProject section */
		C00138601B4396E2001EF6A9 /* Project object */ = {
			isa = PBXProject;
			attributes = {
				LastUpgradeCheck = 0620;
				ORGANIZATIONNAME = "Chris Kwok";
				TargetAttributes = {
					C00138671B4396E2001EF6A9 = {
						CreatedOnToolsVersion = 6.2;
					};
					C00138801B4396E3001EF6A9 = {
						CreatedOnToolsVersion = 6.2;
						TestTargetID = C00138671B4396E2001EF6A9;
					};
				};
			};
			buildConfigurationList = C00138631B4396E2001EF6A9 /* Build configuration list for PBXProject "EmdibApp" */;
			compatibilityVersion = "Xcode 3.2";
			developmentRegion = English;
			hasScannedForEncodings = 0;
			knownRegions = (
				en,
				Base,
			);
			mainGroup = C001385F1B4396E2001EF6A9;
			productRefGroup = C00138691B4396E2001EF6A9 /* Products */;
			projectDirPath = "";
			projectRoot = "";
			targets = (
				C00138671B4396E2001EF6A9 /* EmdibApp */,
				C00138801B4396E3001EF6A9 /* EmdibAppTests */,
			);
		};
/* End PBXProject section */

/* Begin PBXResourcesBuildPhase section */
		C00138661B4396E2001EF6A9 /* Resources */ = {
			isa = PBXResourcesBuildPhase;
			buildActionMask = 2147483647;
			files = (
				C00138771B4396E2001EF6A9 /* Main.storyboard in Resources */,
				C001387C1B4396E2001EF6A9 /* LaunchScreen.xib in Resources */,
				C00138791B4396E2001EF6A9 /* Images.xcassets in Resources */,
			);
			runOnlyForDeploymentPostprocessing = 0;
		};
		C001387F1B4396E3001EF6A9 /* Resources */ = {
			isa = PBXResourcesBuildPhase;
			buildActionMask = 2147483647;
			files = (
			);
			runOnlyForDeploymentPostprocessing = 0;
		};
/* End PBXResourcesBuildPhase section */

/* Begin PBXShellScriptBuildPhase section */
		14ABF8019AB9EAD0C1E8EE6A /* Copy Pods Resources */ = {
			isa = PBXShellScriptBuildPhase;
			buildActionMask = 2147483647;
			files = (
			);
			inputPaths = (
			);
			name = "Copy Pods Resources";
			outputPaths = (
			);
			runOnlyForDeploymentPostprocessing = 0;
			shellPath = /bin/sh;
			shellScript = "\"${SRCROOT}/Pods/Target Support Files/Pods/Pods-resources.sh\"\n";
			showEnvVarsInLog = 0;
		};
		88E261E73B61CF4B473B816D /* Check Pods Manifest.lock */ = {
			isa = PBXShellScriptBuildPhase;
			buildActionMask = 2147483647;
			files = (
			);
			inputPaths = (
			);
			name = "Check Pods Manifest.lock";
			outputPaths = (
			);
			runOnlyForDeploymentPostprocessing = 0;
			shellPath = /bin/sh;
			shellScript = "diff \"${PODS_ROOT}/../Podfile.lock\" \"${PODS_ROOT}/Manifest.lock\" > /dev/null\nif [[ $? != 0 ]] ; then\n    cat << EOM\nerror: The sandbox is not in sync with the Podfile.lock. Run 'pod install' or update your CocoaPods installation.\nEOM\n    exit 1\nfi\n";
			showEnvVarsInLog = 0;
		};
/* End PBXShellScriptBuildPhase section */

/* Begin PBXSourcesBuildPhase section */
		C00138641B4396E2001EF6A9 /* Sources */ = {
			isa = PBXSourcesBuildPhase;
			buildActionMask = 2147483647;
			files = (
				C0B804581B6433AF00B0CA47 /* EMBidDetailPriceTableViewCell.m in Sources */,
				C00138741B4396E2001EF6A9 /* ViewController.m in Sources */,
				C0B804501B6432FE00B0CA47 /* EMAuctionListTableViewCell.m in Sources */,
				C0B8041D1B64267700B0CA47 /* EMAuctionDetailViewController.m in Sources */,
				C0B804251B6426DE00B0CA47 /* EMAuctionStatusViewController.m in Sources */,
				C0B8045C1B6433D200B0CA47 /* EMBidDetailStatusTableViewCell.m in Sources */,
				C0B804601B64346E00B0CA47 /* EMAuctionDetailStatusTableViewCell.m in Sources */,
				C0B804781B64353700B0CA47 /* EMAuctionDetailStartPriceTableViewCell.m in Sources */,
				C07F94201B50936100156FA0 /* EMAPIClient.m in Sources */,
				C0B8044C1B6432D300B0CA47 /* EMCommentListTableViewCell.m in Sources */,
				C00138711B4396E2001EF6A9 /* AppDelegate.m in Sources */,
				C0B804641B64348C00B0CA47 /* EMAuctionDetailTitleTableViewCell.m in Sources */,
				C0B804681B6434AB00B0CA47 /* EMAuctionDetailDescriptionTableViewCell.m in Sources */,
				C09AEABA1B69BC8C00BFC494 /* EMAuction+MKAnnotation.m in Sources */,
				C0B804211B64268E00B0CA47 /* EMBidDetailViewController.m in Sources */,
				C001386E1B4396E2001EF6A9 /* main.m in Sources */,
				C0B804161B6425EC00B0CA47 /* EMAuctionListViewController.m in Sources */,
				C0B804701B6434FE00B0CA47 /* EMAuctionDetailStartDateTableViewCell.m in Sources */,
				C0B804541B64331A00B0CA47 /* EMBidListTableViewCell.m in Sources */,
				C0B8042D1B64274A00B0CA47 /* EMCommentListViewController.m in Sources */,
				C0CA36081B49DE1D00725563 /* EMBid.m in Sources */,
				C0B8047C1B64356900B0CA47 /* EMAuctionDetailEndPriceTableViewCell.m in Sources */,
				C0B804801B64359900B0CA47 /* EMAuctionDetailLocationTableViewCell.m in Sources */,
				C0B8046C1B6434DC00B0CA47 /* EMAuctionDetailCategoryTableViewCell.m in Sources */,
				C0B804291B6426EE00B0CA47 /* EMCategoryViewController.m in Sources */,
				C0B804191B64260400B0CA47 /* EMBidListViewController.m in Sources */,
				C097ABD21B49BF1F001ED5B8 /* EMBaseModel.m in Sources */,
				C0B804741B64351600B0CA47 /* EMAuctionDetailEndDateTableViewCell.m in Sources */,
				C097ABD61B49C17E001ED5B8 /* EMCategory.m in Sources */,
				C0CA36001B49D99000725563 /* EMAuction.m in Sources */,
				C0CA36041B49DB0600725563 /* EMComment.m in Sources */,
			);
			runOnlyForDeploymentPostprocessing = 0;
		};
		C001387D1B4396E3001EF6A9 /* Sources */ = {
			isa = PBXSourcesBuildPhase;
			buildActionMask = 2147483647;
			files = (
				C0B8044D1B6432D300B0CA47 /* EMCommentListTableViewCell.m in Sources */,
				C0B804711B6434FE00B0CA47 /* EMAuctionDetailStartDateTableViewCell.m in Sources */,
				C0B804221B64268E00B0CA47 /* EMBidDetailViewController.m in Sources */,
				C0B804791B64353700B0CA47 /* EMAuctionDetailStartPriceTableViewCell.m in Sources */,
				C0B8041A1B64260400B0CA47 /* EMBidListViewController.m in Sources */,
				C0B804551B64331A00B0CA47 /* EMBidListTableViewCell.m in Sources */,
				C0B804651B64348C00B0CA47 /* EMAuctionDetailTitleTableViewCell.m in Sources */,
				C0B8042A1B6426EE00B0CA47 /* EMCategoryViewController.m in Sources */,
				C00138881B4396E3001EF6A9 /* EmdibAppTests.m in Sources */,
				C0B804691B6434AB00B0CA47 /* EMAuctionDetailDescriptionTableViewCell.m in Sources */,
				C097ABD71B49C17E001ED5B8 /* EMCategory.m in Sources */,
				C0B804261B6426DE00B0CA47 /* EMAuctionStatusViewController.m in Sources */,
				C0B8045D1B6433D200B0CA47 /* EMBidDetailStatusTableViewCell.m in Sources */,
				C0B804811B64359900B0CA47 /* EMAuctionDetailLocationTableViewCell.m in Sources */,
				C0B8046D1B6434DC00B0CA47 /* EMAuctionDetailCategoryTableViewCell.m in Sources */,
				C0B8042E1B64274A00B0CA47 /* EMCommentListViewController.m in Sources */,
				C097ABD31B49BF1F001ED5B8 /* EMBaseModel.m in Sources */,
				C07F94231B51DB4300156FA0 /* EMAPIClientTests.m in Sources */,
				C0CA36091B49DE1D00725563 /* EMBid.m in Sources */,
				C0B804511B6432FE00B0CA47 /* EMAuctionListTableViewCell.m in Sources */,
				C0B804611B64346E00B0CA47 /* EMAuctionDetailStatusTableViewCell.m in Sources */,
				C0CA36051B49DB0600725563 /* EMComment.m in Sources */,
				C0B804751B64351600B0CA47 /* EMAuctionDetailEndDateTableViewCell.m in Sources */,
				C0B8047D1B64356900B0CA47 /* EMAuctionDetailEndPriceTableViewCell.m in Sources */,
				C0B804591B6433AF00B0CA47 /* EMBidDetailPriceTableViewCell.m in Sources */,
				C09AEABB1B69BC8C00BFC494 /* EMAuction+MKAnnotation.m in Sources */,
				C0B8041E1B64267700B0CA47 /* EMAuctionDetailViewController.m in Sources */,
				C0CA36011B49D99000725563 /* EMAuction.m in Sources */,
				C07F94211B50936100156FA0 /* EMAPIClient.m in Sources */,
			);
			runOnlyForDeploymentPostprocessing = 0;
		};
/* End PBXSourcesBuildPhase section */

/* Begin PBXTargetDependency section */
		C00138831B4396E3001EF6A9 /* PBXTargetDependency */ = {
			isa = PBXTargetDependency;
			target = C00138671B4396E2001EF6A9 /* EmdibApp */;
			targetProxy = C00138821B4396E3001EF6A9 /* PBXContainerItemProxy */;
		};
/* End PBXTargetDependency section */

/* Begin PBXVariantGroup section */
		C00138751B4396E2001EF6A9 /* Main.storyboard */ = {
			isa = PBXVariantGroup;
			children = (
				C00138761B4396E2001EF6A9 /* Base */,
			);
			name = Main.storyboard;
			sourceTree = "<group>";
		};
		C001387A1B4396E2001EF6A9 /* LaunchScreen.xib */ = {
			isa = PBXVariantGroup;
			children = (
				C001387B1B4396E2001EF6A9 /* Base */,
			);
			name = LaunchScreen.xib;
			sourceTree = "<group>";
		};
/* End PBXVariantGroup section */

/* Begin XCBuildConfiguration section */
		C00138891B4396E3001EF6A9 /* Debug */ = {
			isa = XCBuildConfiguration;
			baseConfigurationReference = 7725AA7C570E63B897D00008 /* Pods.debug.xcconfig */;
			buildSettings = {
				ALWAYS_SEARCH_USER_PATHS = NO;
				CLANG_CXX_LANGUAGE_STANDARD = "gnu++0x";
				CLANG_CXX_LIBRARY = "libc++";
				CLANG_ENABLE_MODULES = YES;
				CLANG_ENABLE_OBJC_ARC = YES;
				CLANG_WARN_BOOL_CONVERSION = YES;
				CLANG_WARN_CONSTANT_CONVERSION = YES;
				CLANG_WARN_DIRECT_OBJC_ISA_USAGE = YES_ERROR;
				CLANG_WARN_EMPTY_BODY = YES;
				CLANG_WARN_ENUM_CONVERSION = YES;
				CLANG_WARN_INT_CONVERSION = YES;
				CLANG_WARN_OBJC_ROOT_CLASS = YES_ERROR;
				CLANG_WARN_UNREACHABLE_CODE = YES;
				CLANG_WARN__DUPLICATE_METHOD_MATCH = YES;
				"CODE_SIGN_IDENTITY[sdk=iphoneos*]" = "iPhone Developer";
				COPY_PHASE_STRIP = NO;
				ENABLE_STRICT_OBJC_MSGSEND = YES;
				GCC_C_LANGUAGE_STANDARD = gnu99;
				GCC_DYNAMIC_NO_PIC = NO;
				GCC_OPTIMIZATION_LEVEL = 0;
				GCC_PREPROCESSOR_DEFINITIONS = (
					"DEBUG=1",
					"$(inherited)",
				);
				GCC_SYMBOLS_PRIVATE_EXTERN = NO;
				GCC_WARN_64_TO_32_BIT_CONVERSION = YES;
				GCC_WARN_ABOUT_RETURN_TYPE = YES_ERROR;
				GCC_WARN_UNDECLARED_SELECTOR = YES;
				GCC_WARN_UNINITIALIZED_AUTOS = YES_AGGRESSIVE;
				GCC_WARN_UNUSED_FUNCTION = YES;
				GCC_WARN_UNUSED_VARIABLE = YES;
				IPHONEOS_DEPLOYMENT_TARGET = 8.2;
				MTL_ENABLE_DEBUG_INFO = YES;
				ONLY_ACTIVE_ARCH = YES;
				SDKROOT = iphoneos8.3;
				TARGETED_DEVICE_FAMILY = "1,2";
			};
			name = Debug;
		};
		C001388A1B4396E3001EF6A9 /* Release */ = {
			isa = XCBuildConfiguration;
			baseConfigurationReference = B3F29FC28F27D5C8A0CA02A8 /* Pods.release.xcconfig */;
			buildSettings = {
				ALWAYS_SEARCH_USER_PATHS = NO;
				CLANG_CXX_LANGUAGE_STANDARD = "gnu++0x";
				CLANG_CXX_LIBRARY = "libc++";
				CLANG_ENABLE_MODULES = YES;
				CLANG_ENABLE_OBJC_ARC = YES;
				CLANG_WARN_BOOL_CONVERSION = YES;
				CLANG_WARN_CONSTANT_CONVERSION = YES;
				CLANG_WARN_DIRECT_OBJC_ISA_USAGE = YES_ERROR;
				CLANG_WARN_EMPTY_BODY = YES;
				CLANG_WARN_ENUM_CONVERSION = YES;
				CLANG_WARN_INT_CONVERSION = YES;
				CLANG_WARN_OBJC_ROOT_CLASS = YES_ERROR;
				CLANG_WARN_UNREACHABLE_CODE = YES;
				CLANG_WARN__DUPLICATE_METHOD_MATCH = YES;
				"CODE_SIGN_IDENTITY[sdk=iphoneos*]" = "iPhone Developer";
				COPY_PHASE_STRIP = NO;
				ENABLE_NS_ASSERTIONS = NO;
				ENABLE_STRICT_OBJC_MSGSEND = YES;
				GCC_C_LANGUAGE_STANDARD = gnu99;
				GCC_WARN_64_TO_32_BIT_CONVERSION = YES;
				GCC_WARN_ABOUT_RETURN_TYPE = YES_ERROR;
				GCC_WARN_UNDECLARED_SELECTOR = YES;
				GCC_WARN_UNINITIALIZED_AUTOS = YES_AGGRESSIVE;
				GCC_WARN_UNUSED_FUNCTION = YES;
				GCC_WARN_UNUSED_VARIABLE = YES;
				IPHONEOS_DEPLOYMENT_TARGET = 8.2;
				MTL_ENABLE_DEBUG_INFO = NO;
				SDKROOT = iphoneos8.3;
				TARGETED_DEVICE_FAMILY = "1,2";
				VALIDATE_PRODUCT = YES;
			};
			name = Release;
		};
		C001388C1B4396E3001EF6A9 /* Debug */ = {
			isa = XCBuildConfiguration;
			baseConfigurationReference = 7725AA7C570E63B897D00008 /* Pods.debug.xcconfig */;
			buildSettings = {
				ASSETCATALOG_COMPILER_APPICON_NAME = AppIcon;
				INFOPLIST_FILE = EmdibApp/Info.plist;
				LD_RUNPATH_SEARCH_PATHS = "$(inherited) @executable_path/Frameworks";
				PRODUCT_NAME = "$(TARGET_NAME)";
			};
			name = Debug;
		};
		C001388D1B4396E3001EF6A9 /* Release */ = {
			isa = XCBuildConfiguration;
			baseConfigurationReference = B3F29FC28F27D5C8A0CA02A8 /* Pods.release.xcconfig */;
			buildSettings = {
				ASSETCATALOG_COMPILER_APPICON_NAME = AppIcon;
				INFOPLIST_FILE = EmdibApp/Info.plist;
				LD_RUNPATH_SEARCH_PATHS = "$(inherited) @executable_path/Frameworks";
				PRODUCT_NAME = "$(TARGET_NAME)";
			};
			name = Release;
		};
		C001388F1B4396E3001EF6A9 /* Debug */ = {
			isa = XCBuildConfiguration;
			baseConfigurationReference = 7725AA7C570E63B897D00008 /* Pods.debug.xcconfig */;
			buildSettings = {
				BUNDLE_LOADER = "$(TEST_HOST)";
				FRAMEWORK_SEARCH_PATHS = (
					"$(SDKROOT)/Developer/Library/Frameworks",
					"$(inherited)",
				);
				GCC_PREPROCESSOR_DEFINITIONS = (
					"DEBUG=1",
					"$(inherited)",
				);
				INFOPLIST_FILE = EmdibAppTests/Info.plist;
				LD_RUNPATH_SEARCH_PATHS = "$(inherited) @executable_path/Frameworks @loader_path/Frameworks";
				PRODUCT_NAME = "$(TARGET_NAME)";
				TEST_HOST = "$(BUILT_PRODUCTS_DIR)/EmdibApp.app/EmdibApp";
			};
			name = Debug;
		};
		C00138901B4396E3001EF6A9 /* Release */ = {
			isa = XCBuildConfiguration;
			baseConfigurationReference = B3F29FC28F27D5C8A0CA02A8 /* Pods.release.xcconfig */;
			buildSettings = {
				BUNDLE_LOADER = "$(TEST_HOST)";
				FRAMEWORK_SEARCH_PATHS = (
					"$(SDKROOT)/Developer/Library/Frameworks",
					"$(inherited)",
				);
				INFOPLIST_FILE = EmdibAppTests/Info.plist;
				LD_RUNPATH_SEARCH_PATHS = "$(inherited) @executable_path/Frameworks @loader_path/Frameworks";
				PRODUCT_NAME = "$(TARGET_NAME)";
				TEST_HOST = "$(BUILT_PRODUCTS_DIR)/EmdibApp.app/EmdibApp";
			};
			name = Release;
		};
/* End XCBuildConfiguration section */

/* Begin XCConfigurationList section */
		C00138631B4396E2001EF6A9 /* Build configuration list for PBXProject "EmdibApp" */ = {
			isa = XCConfigurationList;
			buildConfigurations = (
				C00138891B4396E3001EF6A9 /* Debug */,
				C001388A1B4396E3001EF6A9 /* Release */,
			);
			defaultConfigurationIsVisible = 0;
			defaultConfigurationName = Release;
		};
		C001388B1B4396E3001EF6A9 /* Build configuration list for PBXNativeTarget "EmdibApp" */ = {
			isa = XCConfigurationList;
			buildConfigurations = (
				C001388C1B4396E3001EF6A9 /* Debug */,
				C001388D1B4396E3001EF6A9 /* Release */,
			);
			defaultConfigurationIsVisible = 0;
			defaultConfigurationName = Release;
		};
		C001388E1B4396E3001EF6A9 /* Build configuration list for PBXNativeTarget "EmdibAppTests" */ = {
			isa = XCConfigurationList;
			buildConfigurations = (
				C001388F1B4396E3001EF6A9 /* Debug */,
				C00138901B4396E3001EF6A9 /* Release */,
			);
			defaultConfigurationIsVisible = 0;
			defaultConfigurationName = Release;
		};
/* End XCConfigurationList section */
	};
	rootObject = C00138601B4396E2001EF6A9 /* Project object */;
}
