// !$*UTF8*$!
{
	archiveVersion = 1;
	classes = {
	};
	objectVersion = 46;
	objects = {

/* Begin PBXBuildFile section */
		C001386E1B4396E2001EF6A9 /* main.m in Sources */ = {isa = PBXBuildFile; fileRef = C001386D1B4396E2001EF6A9 /* main.m */; };
		C00138711B4396E2001EF6A9 /* AppDelegate.m in Sources */ = {isa = PBXBuildFile; fileRef = C00138701B4396E2001EF6A9 /* AppDelegate.m */; };
		C00138741B4396E2001EF6A9 /* ViewController.m in Sources */ = {isa = PBXBuildFile; fileRef = C00138731B4396E2001EF6A9 /* ViewController.m */; };
		C00138771B4396E2001EF6A9 /* Main.storyboard in Resources */ = {isa = PBXBuildFile; fileRef = C00138751B4396E2001EF6A9 /* Main.storyboard */; };
		C00138791B4396E2001EF6A9 /* Images.xcassets in Resources */ = {isa = PBXBuildFile; fileRef = C00138781B4396E2001EF6A9 /* Images.xcassets */; };
		C001387C1B4396E2001EF6A9 /* LaunchScreen.xib in Resources */ = {isa = PBXBuildFile; fileRef = C001387A1B4396E2001EF6A9 /* LaunchScreen.xib */; };
		C00138881B4396E3001EF6A9 /* EmdibAppTests.m in Sources */ = {isa = PBXBuildFile; fileRef = C00138871B4396E3001EF6A9 /* EmdibAppTests.m */; };
		C07F94201B50936100156FA0 /* EMAPIClient.m in Sources */ = {isa = PBXBuildFile; fileRef = C07F941F1B50936100156FA0 /* EMAPIClient.m */; };
		C07F94211B50936100156FA0 /* EMAPIClient.m in Sources */ = {isa = PBXBuildFile; fileRef = C07F941F1B50936100156FA0 /* EMAPIClient.m */; };
		C07F94231B51DB4300156FA0 /* EMAPIClientTests.m in Sources */ = {isa = PBXBuildFile; fileRef = C07F94221B51DB4300156FA0 /* EMAPIClientTests.m */; };
		C097AB7D1B485731001ED5B8 /* MapKit.framework in Frameworks */ = {isa = PBXBuildFile; fileRef = C097AB7C1B485731001ED5B8 /* MapKit.framework */; };
		C097AB7F1B48573B001ED5B8 /* Foundation.framework in Frameworks */ = {isa = PBXBuildFile; fileRef = C097AB7E1B48573B001ED5B8 /* Foundation.framework */; };
		C097ABD21B49BF1F001ED5B8 /* EMBaseModel.m in Sources */ = {isa = PBXBuildFile; fileRef = C097ABD11B49BF1F001ED5B8 /* EMBaseModel.m */; };
		C097ABD31B49BF1F001ED5B8 /* EMBaseModel.m in Sources */ = {isa = PBXBuildFile; fileRef = C097ABD11B49BF1F001ED5B8 /* EMBaseModel.m */; };
		C097ABD61B49C17E001ED5B8 /* EMCategory.m in Sources */ = {isa = PBXBuildFile; fileRef = C097ABD51B49C17E001ED5B8 /* EMCategory.m */; };
		C097ABD71B49C17E001ED5B8 /* EMCategory.m in Sources */ = {isa = PBXBuildFile; fileRef = C097ABD51B49C17E001ED5B8 /* EMCategory.m */; };
		C0CA36001B49D99000725563 /* EMAuction.m in Sources */ = {isa = PBXBuildFile; fileRef = C0CA35FF1B49D99000725563 /* EMAuction.m */; };
		C0CA36011B49D99000725563 /* EMAuction.m in Sources */ = {isa = PBXBuildFile; fileRef = C0CA35FF1B49D99000725563 /* EMAuction.m */; };
		C0CA36041B49DB0600725563 /* EMComment.m in Sources */ = {isa = PBXBuildFile; fileRef = C0CA36031B49DB0600725563 /* EMComment.m */; };
		C0CA36051B49DB0600725563 /* EMComment.m in Sources */ = {isa = PBXBuildFile; fileRef = C0CA36031B49DB0600725563 /* EMComment.m */; };
		C0CA36081B49DE1D00725563 /* EMBid.m in Sources */ = {isa = PBXBuildFile; fileRef = C0CA36071B49DE1D00725563 /* EMBid.m */; };
		C0CA36091B49DE1D00725563 /* EMBid.m in Sources */ = {isa = PBXBuildFile; fileRef = C0CA36071B49DE1D00725563 /* EMBid.m */; };
		C57A85887D878FD16003AEAF /* libPods.a in Frameworks */ = {isa = PBXBuildFile; fileRef = 6A4EC2AF49DFEF78BD097D75 /* libPods.a */; };
/* End PBXBuildFile section */

/* Begin PBXContainerItemProxy section */
		C00138821B4396E3001EF6A9 /* PBXContainerItemProxy */ = {
			isa = PBXContainerItemProxy;
			containerPortal = C00138601B4396E2001EF6A9 /* Project object */;
			proxyType = 1;
			remoteGlobalIDString = C00138671B4396E2001EF6A9;
			remoteInfo = EmdibApp;
		};
/* End PBXContainerItemProxy section */

/* Begin PBXFileReference section */
		6A4EC2AF49DFEF78BD097D75 /* libPods.a */ = {isa = PBXFileReference; explicitFileType = archive.ar; includeInIndex = 0; path = libPods.a; sourceTree = BUILT_PRODUCTS_DIR; };
		7725AA7C570E63B897D00008 /* Pods.debug.xcconfig */ = {isa = PBXFileReference; includeInIndex = 1; lastKnownFileType = text.xcconfig; name = Pods.debug.xcconfig; path = "Pods/Target Support Files/Pods/Pods.debug.xcconfig"; sourceTree = "<group>"; };
		B3F29FC28F27D5C8A0CA02A8 /* Pods.release.xcconfig */ = {isa = PBXFileReference; includeInIndex = 1; lastKnownFileType = text.xcconfig; name = Pods.release.xcconfig; path = "Pods/Target Support Files/Pods/Pods.release.xcconfig"; sourceTree = "<group>"; };
		C00138681B4396E2001EF6A9 /* EmdibApp.app */ = {isa = PBXFileReference; explicitFileType = wrapper.application; includeInIndex = 0; path = EmdibApp.app; sourceTree = BUILT_PRODUCTS_DIR; };
		C001386C1B4396E2001EF6A9 /* Info.plist */ = {isa = PBXFileReference; lastKnownFileType = text.plist.xml; path = Info.plist; sourceTree = "<group>"; };
		C001386D1B4396E2001EF6A9 /* main.m */ = {isa = PBXFileReference; lastKnownFileType = sourcecode.c.objc; path = main.m; sourceTree = "<group>"; };
		C001386F1B4396E2001EF6A9 /* AppDelegate.h */ = {isa = PBXFileReference; lastKnownFileType = sourcecode.c.h; path = AppDelegate.h; sourceTree = "<group>"; };
		C00138701B4396E2001EF6A9 /* AppDelegate.m */ = {isa = PBXFileReference; lastKnownFileType = sourcecode.c.objc; path = AppDelegate.m; sourceTree = "<group>"; };
		C00138721B4396E2001EF6A9 /* ViewController.h */ = {isa = PBXFileReference; lastKnownFileType = sourcecode.c.h; path = ViewController.h; sourceTree = "<group>"; };
		C00138731B4396E2001EF6A9 /* ViewController.m */ = {isa = PBXFileReference; lastKnownFileType = sourcecode.c.objc; path = ViewController.m; sourceTree = "<group>"; };
		C00138761B4396E2001EF6A9 /* Base */ = {isa = PBXFileReference; lastKnownFileType = file.storyboard; name = Base; path = Base.lproj/Main.storyboard; sourceTree = "<group>"; };
		C00138781B4396E2001EF6A9 /* Images.xcassets */ = {isa = PBXFileReference; lastKnownFileType = folder.assetcatalog; path = Images.xcassets; sourceTree = "<group>"; };
		C001387B1B4396E2001EF6A9 /* Base */ = {isa = PBXFileReference; lastKnownFileType = file.xib; name = Base; path = Base.lproj/LaunchScreen.xib; sourceTree = "<group>"; };
		C00138811B4396E3001EF6A9 /* EmdibAppTests.xctest */ = {isa = PBXFileReference; explicitFileType = wrapper.cfbundle; includeInIndex = 0; path = EmdibAppTests.xctest; sourceTree = BUILT_PRODUCTS_DIR; };
		C00138861B4396E3001EF6A9 /* Info.plist */ = {isa = PBXFileReference; lastKnownFileType = text.plist.xml; path = Info.plist; sourceTree = "<group>"; };
		C00138871B4396E3001EF6A9 /* EmdibAppTests.m */ = {isa = PBXFileReference; lastKnownFileType = sourcecode.c.objc; path = EmdibAppTests.m; sourceTree = "<group>"; };
		C07F941E1B50936100156FA0 /* EMAPIClient.h */ = {isa = PBXFileReference; fileEncoding = 4; lastKnownFileType = sourcecode.c.h; name = EMAPIClient.h; path = APIClients/EMAPIClient.h; sourceTree = "<group>"; };
		C07F941F1B50936100156FA0 /* EMAPIClient.m */ = {isa = PBXFileReference; fileEncoding = 4; lastKnownFileType = sourcecode.c.objc; name = EMAPIClient.m; path = APIClients/EMAPIClient.m; sourceTree = "<group>"; };
		C07F94221B51DB4300156FA0 /* EMAPIClientTests.m */ = {isa = PBXFileReference; fileEncoding = 4; lastKnownFileType = sourcecode.c.objc; path = EMAPIClientTests.m; sourceTree = "<group>"; };
		C097AB7C1B485731001ED5B8 /* MapKit.framework */ = {isa = PBXFileReference; lastKnownFileType = wrapper.framework; name = MapKit.framework; path = System/Library/Frameworks/MapKit.framework; sourceTree = SDKROOT; };
		C097AB7E1B48573B001ED5B8 /* Foundation.framework */ = {isa = PBXFileReference; lastKnownFileType = wrapper.framework; name = Foundation.framework; path = System/Library/Frameworks/Foundation.framework; sourceTree = SDKROOT; };
		C097ABD01B49BF1F001ED5B8 /* EMBaseModel.h */ = {isa = PBXFileReference; fileEncoding = 4; lastKnownFileType = sourcecode.c.h; name = EMBaseModel.h; path = Models/EMBaseModel.h; sourceTree = "<group>"; };
		C097ABD11B49BF1F001ED5B8 /* EMBaseModel.m */ = {isa = PBXFileReference; fileEncoding = 4; lastKnownFileType = sourcecode.c.objc; name = EMBaseModel.m; path = Models/EMBaseModel.m; sourceTree = "<group>"; };
		C097ABD41B49C17E001ED5B8 /* EMCategory.h */ = {isa = PBXFileReference; fileEncoding = 4; lastKnownFileType = sourcecode.c.h; name = EMCategory.h; path = Models/EMCategory.h; sourceTree = "<group>"; };
		C097ABD51B49C17E001ED5B8 /* EMCategory.m */ = {isa = PBXFileReference; fileEncoding = 4; lastKnownFileType = sourcecode.c.objc; name = EMCategory.m; path = Models/EMCategory.m; sourceTree = "<group>"; };
		C0CA35FE1B49D99000725563 /* EMAuction.h */ = {isa = PBXFileReference; fileEncoding = 4; lastKnownFileType = sourcecode.c.h; name = EMAuction.h; path = Models/EMAuction.h; sourceTree = "<group>"; };
		C0CA35FF1B49D99000725563 /* EMAuction.m */ = {isa = PBXFileReference; fileEncoding = 4; lastKnownFileType = sourcecode.c.objc; name = EMAuction.m; path = Models/EMAuction.m; sourceTree = "<group>"; };
		C0CA36021B49DB0600725563 /* EMComment.h */ = {isa = PBXFileReference; fileEncoding = 4; lastKnownFileType = sourcecode.c.h; name = EMComment.h; path = Models/EMComment.h; sourceTree = "<group>"; };
		C0CA36031B49DB0600725563 /* EMComment.m */ = {isa = PBXFileReference; fileEncoding = 4; lastKnownFileType = sourcecode.c.objc; name = EMComment.m; path = Models/EMComment.m; sourceTree = "<group>"; };
		C0CA36061B49DE1D00725563 /* EMBid.h */ = {isa = PBXFileReference; fileEncoding = 4; lastKnownFileType = sourcecode.c.h; name = EMBid.h; path = Models/EMBid.h; sourceTree = "<group>"; };
		C0CA36071B49DE1D00725563 /* EMBid.m */ = {isa = PBXFileReference; fileEncoding = 4; lastKnownFileType = sourcecode.c.objc; name = EMBid.m; path = Models/EMBid.m; sourceTree = "<group>"; };
/* End PBXFileReference section */

/* Begin PBXFrameworksBuildPhase section */
		C00138651B4396E2001EF6A9 /* Frameworks */ = {
			isa = PBXFrameworksBuildPhase;
			buildActionMask = 2147483647;
			files = (
				C097AB7F1B48573B001ED5B8 /* Foundation.framework in Frameworks */,
				C097AB7D1B485731001ED5B8 /* MapKit.framework in Frameworks */,
				C57A85887D878FD16003AEAF /* libPods.a in Frameworks */,
			);
			runOnlyForDeploymentPostprocessing = 0;
		};
		C001387E1B4396E3001EF6A9 /* Frameworks */ = {
			isa = PBXFrameworksBuildPhase;
			buildActionMask = 2147483647;
			files = (
			);
			runOnlyForDeploymentPostprocessing = 0;
		};
/* End PBXFrameworksBuildPhase section */

/* Begin PBXGroup section */
		58EF2050586001850A7F53DD /* Pods */ = {
			isa = PBXGroup;
			children = (
				7725AA7C570E63B897D00008 /* Pods.debug.xcconfig */,
				B3F29FC28F27D5C8A0CA02A8 /* Pods.release.xcconfig */,
			);
			name = Pods;
			sourceTree = "<group>";
		};
		BE51D6A5975BA8E1CFF02BD0 /* Frameworks */ = {
			isa = PBXGroup;
			children = (
				C097AB7E1B48573B001ED5B8 /* Foundation.framework */,
				C097AB7C1B485731001ED5B8 /* MapKit.framework */,
				6A4EC2AF49DFEF78BD097D75 /* libPods.a */,
			);
			name = Frameworks;
			sourceTree = "<group>";
		};
		C001385F1B4396E2001EF6A9 = {
			isa = PBXGroup;
			children = (
				C001386A1B4396E2001EF6A9 /* EmdibApp */,
				C00138841B4396E3001EF6A9 /* EmdibAppTests */,
				C00138691B4396E2001EF6A9 /* Products */,
				58EF2050586001850A7F53DD /* Pods */,
				BE51D6A5975BA8E1CFF02BD0 /* Frameworks */,
			);
			sourceTree = "<group>";
		};
		C00138691B4396E2001EF6A9 /* Products */ = {
			isa = PBXGroup;
			children = (
				C00138681B4396E2001EF6A9 /* EmdibApp.app */,
				C00138811B4396E3001EF6A9 /* EmdibAppTests.xctest */,
			);
			name = Products;
			sourceTree = "<group>";
		};
		C001386A1B4396E2001EF6A9 /* EmdibApp */ = {
			isa = PBXGroup;
			children = (
				C07F941D1B50931900156FA0 /* APIClients */,
				C097ABCB1B49BE7C001ED5B8 /* Models */,
				C001386F1B4396E2001EF6A9 /* AppDelegate.h */,
				C00138701B4396E2001EF6A9 /* AppDelegate.m */,
				C00138721B4396E2001EF6A9 /* ViewController.h */,
				C00138731B4396E2001EF6A9 /* ViewController.m */,
				C00138751B4396E2001EF6A9 /* Main.storyboard */,
				C00138781B4396E2001EF6A9 /* Images.xcassets */,
				C001387A1B4396E2001EF6A9 /* LaunchScreen.xib */,
				C001386B1B4396E2001EF6A9 /* Supporting Files */,
			);
			path = EmdibApp;
			sourceTree = "<group>";
		};
		C001386B1B4396E2001EF6A9 /* Supporting Files */ = {
			isa = PBXGroup;
			children = (
				C001386C1B4396E2001EF6A9 /* Info.plist */,
				C001386D1B4396E2001EF6A9 /* main.m */,
			);
			name = "Supporting Files";
			sourceTree = "<group>";
		};
		C00138841B4396E3001EF6A9 /* EmdibAppTests */ = {
			isa = PBXGroup;
			children = (
				C00138871B4396E3001EF6A9 /* EmdibAppTests.m */,
				C07F94221B51DB4300156FA0 /* EMAPIClientTests.m */,
				C00138851B4396E3001EF6A9 /* Supporting Files */,
			);
			path = EmdibAppTests;
			sourceTree = "<group>";
		};
		C00138851B4396E3001EF6A9 /* Supporting Files */ = {
			isa = PBXGroup;
			children = (
				C00138861B4396E3001EF6A9 /* Info.plist */,
			);
			name = "Supporting Files";
			sourceTree = "<group>";
		};
		C07F941D1B50931900156FA0 /* APIClients */ = {
			isa = PBXGroup;
			children = (
				C07F941E1B50936100156FA0 /* EMAPIClient.h */,
				C07F941F1B50936100156FA0 /* EMAPIClient.m */,
			);
			name = APIClients;
			sourceTree = "<group>";
		};
		C097ABCB1B49BE7C001ED5B8 /* Models */ = {
			isa = PBXGroup;
			children = (
				C0CA35FE1B49D99000725563 /* EMAuction.h */,
				C0CA35FF1B49D99000725563 /* EMAuction.m */,
				C097ABD01B49BF1F001ED5B8 /* EMBaseModel.h */,
				C097ABD11B49BF1F001ED5B8 /* EMBaseModel.m */,
				C097ABD41B49C17E001ED5B8 /* EMCategory.h */,
				C097ABD51B49C17E001ED5B8 /* EMCategory.m */,
				C0CA36021B49DB0600725563 /* EMComment.h */,
				C0CA36031B49DB0600725563 /* EMComment.m */,
				C0CA36061B49DE1D00725563 /* EMBid.h */,
				C0CA36071B49DE1D00725563 /* EMBid.m */,
			);
			name = Models;
			sourceTree = "<group>";
		};
/* End PBXGroup section */

/* Begin PBXNativeTarget section */
		C00138671B4396E2001EF6A9 /* EmdibApp */ = {
			isa = PBXNativeTarget;
			buildConfigurationList = C001388B1B4396E3001EF6A9 /* Build configuration list for PBXNativeTarget "EmdibApp" */;
			buildPhases = (
				88E261E73B61CF4B473B816D /* Check Pods Manifest.lock */,
				C00138641B4396E2001EF6A9 /* Sources */,
				C00138651B4396E2001EF6A9 /* Frameworks */,
				C00138661B4396E2001EF6A9 /* Resources */,
				14ABF8019AB9EAD0C1E8EE6A /* Copy Pods Resources */,
			);
			buildRules = (
			);
			dependencies = (
			);
			name = EmdibApp;
			productName = EmdibApp;
			productReference = C00138681B4396E2001EF6A9 /* EmdibApp.app */;
			productType = "com.apple.product-type.application";
		};
		C00138801B4396E3001EF6A9 /* EmdibAppTests */ = {
			isa = PBXNativeTarget;
			buildConfigurationList = C001388E1B4396E3001EF6A9 /* Build configuration list for PBXNativeTarget "EmdibAppTests" */;
			buildPhases = (
				C001387D1B4396E3001EF6A9 /* Sources */,
				C001387E1B4396E3001EF6A9 /* Frameworks */,
				C001387F1B4396E3001EF6A9 /* Resources */,
			);
			buildRules = (
			);
			dependencies = (
				C00138831B4396E3001EF6A9 /* PBXTargetDependency */,
			);
			name = EmdibAppTests;
			productName = EmdibAppTests;
			productReference = C00138811B4396E3001EF6A9 /* EmdibAppTests.xctest */;
			productType = "com.apple.product-type.bundle.unit-test";
		};
/* End PBXNativeTarget section */

/* Begin PBXProject section */
		C00138601B4396E2001EF6A9 /* Project object */ = {
			isa = PBXProject;
			attributes = {
				LastUpgradeCheck = 0620;
				ORGANIZATIONNAME = "Chris Kwok";
				TargetAttributes = {
					C00138671B4396E2001EF6A9 = {
						CreatedOnToolsVersion = 6.2;
					};
					C00138801B4396E3001EF6A9 = {
						CreatedOnToolsVersion = 6.2;
						TestTargetID = C00138671B4396E2001EF6A9;
					};
				};
			};
			buildConfigurationList = C00138631B4396E2001EF6A9 /* Build configuration list for PBXProject "EmdibApp" */;
			compatibilityVersion = "Xcode 3.2";
			developmentRegion = English;
			hasScannedForEncodings = 0;
			knownRegions = (
				en,
				Base,
			);
			mainGroup = C001385F1B4396E2001EF6A9;
			productRefGroup = C00138691B4396E2001EF6A9 /* Products */;
			projectDirPath = "";
			projectRoot = "";
			targets = (
				C00138671B4396E2001EF6A9 /* EmdibApp */,
				C00138801B4396E3001EF6A9 /* EmdibAppTests */,
			);
		};
/* End PBXProject section */

/* Begin PBXResourcesBuildPhase section */
		C00138661B4396E2001EF6A9 /* Resources */ = {
			isa = PBXResourcesBuildPhase;
			buildActionMask = 2147483647;
			files = (
				C00138771B4396E2001EF6A9 /* Main.storyboard in Resources */,
				C001387C1B4396E2001EF6A9 /* LaunchScreen.xib in Resources */,
				C00138791B4396E2001EF6A9 /* Images.xcassets in Resources */,
			);
			runOnlyForDeploymentPostprocessing = 0;
		};
		C001387F1B4396E3001EF6A9 /* Resources */ = {
			isa = PBXResourcesBuildPhase;
			buildActionMask = 2147483647;
			files = (
			);
			runOnlyForDeploymentPostprocessing = 0;
		};
/* End PBXResourcesBuildPhase section */

/* Begin PBXShellScriptBuildPhase section */
		14ABF8019AB9EAD0C1E8EE6A /* Copy Pods Resources */ = {
			isa = PBXShellScriptBuildPhase;
			buildActionMask = 2147483647;
			files = (
			);
			inputPaths = (
			);
			name = "Copy Pods Resources";
			outputPaths = (
			);
			runOnlyForDeploymentPostprocessing = 0;
			shellPath = /bin/sh;
			shellScript = "\"${SRCROOT}/Pods/Target Support Files/Pods/Pods-resources.sh\"\n";
			showEnvVarsInLog = 0;
		};
		88E261E73B61CF4B473B816D /* Check Pods Manifest.lock */ = {
			isa = PBXShellScriptBuildPhase;
			buildActionMask = 2147483647;
			files = (
			);
			inputPaths = (
			);
			name = "Check Pods Manifest.lock";
			outputPaths = (
			);
			runOnlyForDeploymentPostprocessing = 0;
			shellPath = /bin/sh;
			shellScript = "diff \"${PODS_ROOT}/../Podfile.lock\" \"${PODS_ROOT}/Manifest.lock\" > /dev/null\nif [[ $? != 0 ]] ; then\n    cat << EOM\nerror: The sandbox is not in sync with the Podfile.lock. Run 'pod install' or update your CocoaPods installation.\nEOM\n    exit 1\nfi\n";
			showEnvVarsInLog = 0;
		};
/* End PBXShellScriptBuildPhase section */

/* Begin PBXSourcesBuildPhase section */
		C00138641B4396E2001EF6A9 /* Sources */ = {
			isa = PBXSourcesBuildPhase;
			buildActionMask = 2147483647;
			files = (
				C00138741B4396E2001EF6A9 /* ViewController.m in Sources */,
				C07F94201B50936100156FA0 /* EMAPIClient.m in Sources */,
				C00138711B4396E2001EF6A9 /* AppDelegate.m in Sources */,
				C001386E1B4396E2001EF6A9 /* main.m in Sources */,
				C0CA36081B49DE1D00725563 /* EMBid.m in Sources */,
				C097ABD21B49BF1F001ED5B8 /* EMBaseModel.m in Sources */,
				C097ABD61B49C17E001ED5B8 /* EMCategory.m in Sources */,
				C0CA36001B49D99000725563 /* EMAuction.m in Sources */,
				C0CA36041B49DB0600725563 /* EMComment.m in Sources */,
			);
			runOnlyForDeploymentPostprocessing = 0;
		};
		C001387D1B4396E3001EF6A9 /* Sources */ = {
			isa = PBXSourcesBuildPhase;
			buildActionMask = 2147483647;
			files = (
				C00138881B4396E3001EF6A9 /* EmdibAppTests.m in Sources */,
				C097ABD71B49C17E001ED5B8 /* EMCategory.m in Sources */,
				C097ABD31B49BF1F001ED5B8 /* EMBaseModel.m in Sources */,
				C07F94231B51DB4300156FA0 /* EMAPIClientTests.m in Sources */,
				C0CA36091B49DE1D00725563 /* EMBid.m in Sources */,
				C0CA36051B49DB0600725563 /* EMComment.m in Sources */,
				C0CA36011B49D99000725563 /* EMAuction.m in Sources */,
				C07F94211B50936100156FA0 /* EMAPIClient.m in Sources */,
			);
			runOnlyForDeploymentPostprocessing = 0;
		};
/* End PBXSourcesBuildPhase section */

/* Begin PBXTargetDependency section */
		C00138831B4396E3001EF6A9 /* PBXTargetDependency */ = {
			isa = PBXTargetDependency;
			target = C00138671B4396E2001EF6A9 /* EmdibApp */;
			targetProxy = C00138821B4396E3001EF6A9 /* PBXContainerItemProxy */;
		};
/* End PBXTargetDependency section */

/* Begin PBXVariantGroup section */
		C00138751B4396E2001EF6A9 /* Main.storyboard */ = {
			isa = PBXVariantGroup;
			children = (
				C00138761B4396E2001EF6A9 /* Base */,
			);
			name = Main.storyboard;
			sourceTree = "<group>";
		};
		C001387A1B4396E2001EF6A9 /* LaunchScreen.xib */ = {
			isa = PBXVariantGroup;
			children = (
				C001387B1B4396E2001EF6A9 /* Base */,
			);
			name = LaunchScreen.xib;
			sourceTree = "<group>";
		};
/* End PBXVariantGroup section */

/* Begin XCBuildConfiguration section */
		C00138891B4396E3001EF6A9 /* Debug */ = {
			isa = XCBuildConfiguration;
			baseConfigurationReference = 7725AA7C570E63B897D00008 /* Pods.debug.xcconfig */;
			buildSettings = {
				ALWAYS_SEARCH_USER_PATHS = NO;
				CLANG_CXX_LANGUAGE_STANDARD = "gnu++0x";
				CLANG_CXX_LIBRARY = "libc++";
				CLANG_ENABLE_MODULES = YES;
				CLANG_ENABLE_OBJC_ARC = YES;
				CLANG_WARN_BOOL_CONVERSION = YES;
				CLANG_WARN_CONSTANT_CONVERSION = YES;
				CLANG_WARN_DIRECT_OBJC_ISA_USAGE = YES_ERROR;
				CLANG_WARN_EMPTY_BODY = YES;
				CLANG_WARN_ENUM_CONVERSION = YES;
				CLANG_WARN_INT_CONVERSION = YES;
				CLANG_WARN_OBJC_ROOT_CLASS = YES_ERROR;
				CLANG_WARN_UNREACHABLE_CODE = YES;
				CLANG_WARN__DUPLICATE_METHOD_MATCH = YES;
				"CODE_SIGN_IDENTITY[sdk=iphoneos*]" = "iPhone Developer";
				COPY_PHASE_STRIP = NO;
				ENABLE_STRICT_OBJC_MSGSEND = YES;
				GCC_C_LANGUAGE_STANDARD = gnu99;
				GCC_DYNAMIC_NO_PIC = NO;
				GCC_OPTIMIZATION_LEVEL = 0;
				GCC_PREPROCESSOR_DEFINITIONS = (
					"DEBUG=1",
					"$(inherited)",
				);
				GCC_SYMBOLS_PRIVATE_EXTERN = NO;
				GCC_WARN_64_TO_32_BIT_CONVERSION = YES;
				GCC_WARN_ABOUT_RETURN_TYPE = YES_ERROR;
				GCC_WARN_UNDECLARED_SELECTOR = YES;
				GCC_WARN_UNINITIALIZED_AUTOS = YES_AGGRESSIVE;
				GCC_WARN_UNUSED_FUNCTION = YES;
				GCC_WARN_UNUSED_VARIABLE = YES;
				IPHONEOS_DEPLOYMENT_TARGET = 8.2;
				MTL_ENABLE_DEBUG_INFO = YES;
				ONLY_ACTIVE_ARCH = YES;
				SDKROOT = iphoneos;
				TARGETED_DEVICE_FAMILY = "1,2";
			};
			name = Debug;
		};
		C001388A1B4396E3001EF6A9 /* Release */ = {
			isa = XCBuildConfiguration;
			baseConfigurationReference = B3F29FC28F27D5C8A0CA02A8 /* Pods.release.xcconfig */;
			buildSettings = {
				ALWAYS_SEARCH_USER_PATHS = NO;
				CLANG_CXX_LANGUAGE_STANDARD = "gnu++0x";
				CLANG_CXX_LIBRARY = "libc++";
				CLANG_ENABLE_MODULES = YES;
				CLANG_ENABLE_OBJC_ARC = YES;
				CLANG_WARN_BOOL_CONVERSION = YES;
				CLANG_WARN_CONSTANT_CONVERSION = YES;
				CLANG_WARN_DIRECT_OBJC_ISA_USAGE = YES_ERROR;
				CLANG_WARN_EMPTY_BODY = YES;
				CLANG_WARN_ENUM_CONVERSION = YES;
				CLANG_WARN_INT_CONVERSION = YES;
				CLANG_WARN_OBJC_ROOT_CLASS = YES_ERROR;
				CLANG_WARN_UNREACHABLE_CODE = YES;
				CLANG_WARN__DUPLICATE_METHOD_MATCH = YES;
				"CODE_SIGN_IDENTITY[sdk=iphoneos*]" = "iPhone Developer";
				COPY_PHASE_STRIP = NO;
				ENABLE_NS_ASSERTIONS = NO;
				ENABLE_STRICT_OBJC_MSGSEND = YES;
				GCC_C_LANGUAGE_STANDARD = gnu99;
				GCC_WARN_64_TO_32_BIT_CONVERSION = YES;
				GCC_WARN_ABOUT_RETURN_TYPE = YES_ERROR;
				GCC_WARN_UNDECLARED_SELECTOR = YES;
				GCC_WARN_UNINITIALIZED_AUTOS = YES_AGGRESSIVE;
				GCC_WARN_UNUSED_FUNCTION = YES;
				GCC_WARN_UNUSED_VARIABLE = YES;
				IPHONEOS_DEPLOYMENT_TARGET = 8.2;
				MTL_ENABLE_DEBUG_INFO = NO;
				SDKROOT = iphoneos;
				TARGETED_DEVICE_FAMILY = "1,2";
				VALIDATE_PRODUCT = YES;
			};
			name = Release;
		};
		C001388C1B4396E3001EF6A9 /* Debug */ = {
			isa = XCBuildConfiguration;
			baseConfigurationReference = 7725AA7C570E63B897D00008 /* Pods.debug.xcconfig */;
			buildSettings = {
				ASSETCATALOG_COMPILER_APPICON_NAME = AppIcon;
				INFOPLIST_FILE = EmdibApp/Info.plist;
				LD_RUNPATH_SEARCH_PATHS = "$(inherited) @executable_path/Frameworks";
				PRODUCT_NAME = "$(TARGET_NAME)";
			};
			name = Debug;
		};
		C001388D1B4396E3001EF6A9 /* Release */ = {
			isa = XCBuildConfiguration;
			baseConfigurationReference = B3F29FC28F27D5C8A0CA02A8 /* Pods.release.xcconfig */;
			buildSettings = {
				ASSETCATALOG_COMPILER_APPICON_NAME = AppIcon;
				INFOPLIST_FILE = EmdibApp/Info.plist;
				LD_RUNPATH_SEARCH_PATHS = "$(inherited) @executable_path/Frameworks";
				PRODUCT_NAME = "$(TARGET_NAME)";
			};
			name = Release;
		};
		C001388F1B4396E3001EF6A9 /* Debug */ = {
			isa = XCBuildConfiguration;
			baseConfigurationReference = 7725AA7C570E63B897D00008 /* Pods.debug.xcconfig */;
			buildSettings = {
				BUNDLE_LOADER = "$(TEST_HOST)";
				FRAMEWORK_SEARCH_PATHS = (
					"$(SDKROOT)/Developer/Library/Frameworks",
					"$(inherited)",
				);
				GCC_PREPROCESSOR_DEFINITIONS = (
					"DEBUG=1",
					"$(inherited)",
				);
				INFOPLIST_FILE = EmdibAppTests/Info.plist;
				LD_RUNPATH_SEARCH_PATHS = "$(inherited) @executable_path/Frameworks @loader_path/Frameworks";
				PRODUCT_NAME = "$(TARGET_NAME)";
				TEST_HOST = "$(BUILT_PRODUCTS_DIR)/EmdibApp.app/EmdibApp";
			};
			name = Debug;
		};
		C00138901B4396E3001EF6A9 /* Release */ = {
			isa = XCBuildConfiguration;
			baseConfigurationReference = B3F29FC28F27D5C8A0CA02A8 /* Pods.release.xcconfig */;
			buildSettings = {
				BUNDLE_LOADER = "$(TEST_HOST)";
				FRAMEWORK_SEARCH_PATHS = (
					"$(SDKROOT)/Developer/Library/Frameworks",
					"$(inherited)",
				);
				INFOPLIST_FILE = EmdibAppTests/Info.plist;
				LD_RUNPATH_SEARCH_PATHS = "$(inherited) @executable_path/Frameworks @loader_path/Frameworks";
				PRODUCT_NAME = "$(TARGET_NAME)";
				TEST_HOST = "$(BUILT_PRODUCTS_DIR)/EmdibApp.app/EmdibApp";
			};
			name = Release;
		};
/* End XCBuildConfiguration section */

/* Begin XCConfigurationList section */
		C00138631B4396E2001EF6A9 /* Build configuration list for PBXProject "EmdibApp" */ = {
			isa = XCConfigurationList;
			buildConfigurations = (
				C00138891B4396E3001EF6A9 /* Debug */,
				C001388A1B4396E3001EF6A9 /* Release */,
			);
			defaultConfigurationIsVisible = 0;
			defaultConfigurationName = Release;
		};
		C001388B1B4396E3001EF6A9 /* Build configuration list for PBXNativeTarget "EmdibApp" */ = {
			isa = XCConfigurationList;
			buildConfigurations = (
				C001388C1B4396E3001EF6A9 /* Debug */,
				C001388D1B4396E3001EF6A9 /* Release */,
			);
			defaultConfigurationIsVisible = 0;
			defaultConfigurationName = Release;
		};
		C001388E1B4396E3001EF6A9 /* Build configuration list for PBXNativeTarget "EmdibAppTests" */ = {
			isa = XCConfigurationList;
			buildConfigurations = (
				C001388F1B4396E3001EF6A9 /* Debug */,
				C00138901B4396E3001EF6A9 /* Release */,
			);
			defaultConfigurationIsVisible = 0;
			defaultConfigurationName = Release;
		};
/* End XCConfigurationList section */
	};
	rootObject = C00138601B4396E2001EF6A9 /* Project object */;
}
